// !$*UTF8*$!
{ "archiveVersion" = "1"; "classes" = {  }; "objectVersion" = "56"; "objects" = { "1661C6EFB099C20A0746E793" = { "isa" = "PBXFileReference"; "lastKnownFileType" = "sourcecode.swift"; "path" = "Sources/GustoCore/AppStore.swift"; "sourceTree" = "<group>"; }; "45F49F888D8BF33779610A45" = { "isa" = "PBXBuildFile"; "fileRef" = "1661C6EFB099C20A0746E793"; }; "6BC8F2215CD60683ED0E06EE" = { "isa" = "PBXFileReference"; "lastKnownFileType" = "sourcecode.swift"; "path" = "Sources/GustoCore/ClimateBluetooth.swift"; "sourceTree" = "<group>"; }; "68A3E031B0C70E60565590AA" = { "isa" = "PBXBuildFile"; "fileRef" = "6BC8F2215CD60683ED0E06EE"; }; "DF6AFC29AD3616A954500811" = { "isa" = "PBXFileReference"; "lastKnownFileType" = "sourcecode.swift"; "path" = "Sources/GustoCore/DemoService.swift"; "sourceTree" = "<group>"; }; "D030B97DE829A0A7D824CF76" = { "isa" = "PBXBuildFile"; "fileRef" = "DF6AFC29AD3616A954500811"; }; "3BC66F548F108350EA059B6A" = { "isa" = "PBXFileReference"; "lastKnownFileType" = "sourcecode.swift"; "path" = "Sources/GustoCore/FoodInventory.swift"; "sourceTree" = "<group>"; }; "65ED67E5D4EF449650DBF7FB" = { "isa" = "PBXBuildFile"; "fileRef" = "3BC66F548F108350EA059B6A"; }; "15315BE0512D26C40BF4A63A" = { "isa" = "PBXFileReference"; "lastKnownFileType" = "sourcecode.swift"; "path" = "Sources/GustoCore/HTTPRepository.swift"; "sourceTree" = "<group>"; }; "F741B231DEE103BA7FEA8A23" = { "isa" = "PBXBuildFile"; "fileRef" = "15315BE0512D26C40BF4A63A"; }; "B48BBFEEC6463CD5C64DF854" = { "isa" = "PBXFileReference"; "lastKnownFileType" = "sourcecode.swift"; "path" = "Sources/GustoCore/MockCatalog.swift"; "sourceTree" = "<group>"; }; "C2122B12828F1ABA9123CB8D" = { "isa" = "PBXBuildFile"; "fileRef" = "B48BBFEEC6463CD5C64DF854"; }; "FEC3FE360C3B1FFEA5FAF4D7" = { "isa" = "PBXFileReference"; "lastKnownFileType" = "sourcecode.swift"; "path" = "Sources/GustoCore/Models.swift"; "sourceTree" = "<group>"; }; "E12611043D58A6EC3885706B" = { "isa" = "PBXBuildFile"; "fileRef" = "FEC3FE360C3B1FFEA5FAF4D7"; }; "6CA083981E856F13ECF1AF02" = { "isa" = "PBXFileReference"; "lastKnownFileType" = "sourcecode.swift"; "path" = "Sources/GustoCore/OAuthProtocol.swift"; "sourceTree" = "<group>"; }; "0BD293A91672678A6FA2944E" = { "isa" = "PBXBuildFile"; "fileRef" = "6CA083981E856F13ECF1AF02"; }; "8ECBA9ECFF2BB3FFEE6A57F4" = { "isa" = "PBXFileReference"; "lastKnownFileType" = "sourcecode.swift"; "path" = "Sources/GustoCore/PickupPlanner.swift"; "sourceTree" = "<group>"; }; "F7718E457C79FBC526D3CB92" = { "isa" = "PBXBuildFile"; "fileRef" = "8ECBA9ECFF2BB3FFEE6A57F4"; }; "9C4C64B7C9D7A61FFA19C098" = { "isa" = "PBXFileReference"; "lastKnownFileType" = "sourcecode.swift"; "path" = "Sources/GustoCore/Repository.swift"; "sourceTree" = "<group>"; }; "832E57389ADAE7C849DEB40F" = { "isa" = "PBXBuildFile"; "fileRef" = "9C4C64B7C9D7A61FFA19C098"; }; "5809E5D53879265D379B5F72" = { "isa" = "PBXFileReference"; "lastKnownFileType" = "sourcecode.swift"; "path" = "Gusto/App/AppRouter.swift"; "sourceTree" = "<group>"; }; "CAFBB54C9B785571AB2C3366" = { "isa" = "PBXBuildFile"; "fileRef" = "5809E5D53879265D379B5F72"; }; "D2365081D741459C09AE53C7" = { "isa" = "PBXFileReference"; "lastKnownFileType" = "sourcecode.swift"; "path" = "Gusto/App/GustoApp.swift"; "sourceTree" = "<group>"; }; "0B626C533AF3AA7A96BA9DEF" = { "isa" = "PBXBuildFile"; "fileRef" = "D2365081D741459C09AE53C7"; }; "3BBA322384A30CCEC5645017" = { "isa" = "PBXFileReference"; "lastKnownFileType" = "sourcecode.swift"; "path" = "Gusto/Components/GustoMap.swift"; "sourceTree" = "<group>"; }; "01CFE55FA7977F362BAD2FED" = { "isa" = "PBXBuildFile"; "fileRef" = "3BBA322384A30CCEC5645017"; }; "7A2173A596244CDA7DE192F1" = { "isa" = "PBXFileReference"; "lastKnownFileType" = "sourcecode.swift"; "path" = "Gusto/Components/SharedComponents.swift"; "sourceTree" = "<group>"; }; "215DB9A58F7F96486B2133B1" = { "isa" = "PBXBuildFile"; "fileRef" = "7A2173A596244CDA7DE192F1"; }; "7BED6D6797C1396AF722D43E" = { "isa" = "PBXFileReference"; "lastKnownFileType" = "sourcecode.swift"; "path" = "Gusto/DesignSystem/Theme.swift"; "sourceTree" = "<group>"; }; "24725CADA88CD95411CEC854" = { "isa" = "PBXBuildFile"; "fileRef" = "7BED6D6797C1396AF722D43E"; }; "D613F7DF15CA4FEFB6D70850" = { "isa" = "PBXFileReference"; "lastKnownFileType" = "sourcecode.swift"; "path" = "Gusto/Features/DiscoverView.swift"; "sourceTree" = "<group>"; }; "12F5234C461ADF1DC415DC5F" = { "isa" = "PBXBuildFile"; "fileRef" = "D613F7DF15CA4FEFB6D70850"; }; "D152F361BB97E0447B549871" = { "isa" = "PBXFileReference"; "lastKnownFileType" = "sourcecode.swift"; "path" = "Gusto/Features/ListingDetailView.swift"; "sourceTree" = "<group>"; }; "CF9FBEBADC2772A544EBAADC" = { "isa" = "PBXBuildFile"; "fileRef" = "D152F361BB97E0447B549871"; }; "ED79F99648079FCE505BDDF0" = { "isa" = "PBXFileReference"; "lastKnownFileType" = "sourcecode.swift"; "path" = "Gusto/Features/LocationPickerView.swift"; "sourceTree" = "<group>"; }; "D9D6AC5E63C5D491F51C2137" = { "isa" = "PBXBuildFile"; "fileRef" = "ED79F99648079FCE505BDDF0"; }; "09CDE1AB133FDADF6D54B4B5" = { "isa" = "PBXFileReference"; "lastKnownFileType" = "sourcecode.swift"; "path" = "Gusto/Features/MarketplaceMapView.swift"; "sourceTree" = "<group>"; }; "84706B022AA214BB16E524D7" = { "isa" = "PBXBuildFile"; "fileRef" = "09CDE1AB133FDADF6D54B4B5"; }; "879AEDCCA19C0B8AF712B76D" = { "isa" = "PBXFileReference"; "lastKnownFileType" = "sourcecode.swift"; "path" = "Gusto/Features/MessagesView.swift"; "sourceTree" = "<group>"; }; "68B7EAF481411A79C3361060" = { "isa" = "PBXBuildFile"; "fileRef" = "879AEDCCA19C0B8AF712B76D"; }; "00C8E882A033FAE047F2B1D7" = { "isa" = "PBXFileReference"; "lastKnownFileType" = "sourcecode.swift"; "path" = "Gusto/Features/PickupFlowView.swift"; "sourceTree" = "<group>"; }; "59A92BB6E73D57D773630E49" = { "isa" = "PBXBuildFile"; "fileRef" = "00C8E882A033FAE047F2B1D7"; }; "A2B565540C5B9B8F4DDA31F8" = { "isa" = "PBXFileReference"; "lastKnownFileType" = "sourcecode.swift"; "path" = "Gusto/Features/ProfileView.swift"; "sourceTree" = "<group>"; }; "FCEDB466DD21439983D75BCD" = { "isa" = "PBXBuildFile"; "fileRef" = "A2B565540C5B9B8F4DDA31F8"; }; "3F636675A2ACD40D4B9D004D" = { "isa" = "PBXFileReference"; "lastKnownFileType" = "sourcecode.swift"; "path" = "Gusto/Features/ScanView.swift"; "sourceTree" = "<group>"; }; "41472699FA7E95C60DE1F9C2" = { "isa" = "PBXBuildFile"; "fileRef" = "3F636675A2ACD40D4B9D004D"; }; "C74C854B76577446C4575445" = { "isa" = "PBXFileReference"; "lastKnownFileType" = "sourcecode.swift"; "path" = "Gusto/Features/SearchAndFilters.swift"; "sourceTree" = "<group>"; }; "B4618728538960A4E2D2D625" = { "isa" = "PBXBuildFile"; "fileRef" = "C74C854B76577446C4575445"; }; "743BF78DB145D52B44D5BAFE" = { "isa" = "PBXFileReference"; "lastKnownFileType" = "sourcecode.swift"; "path" = "Gusto/Features/WelcomeView.swift"; "sourceTree" = "<group>"; }; "70F3D47B3352FB3509AACCB5" = { "isa" = "PBXBuildFile"; "fileRef" = "743BF78DB145D52B44D5BAFE"; }; "60DA033DC271215B8FF684BD" = { "isa" = "PBXFileReference"; "lastKnownFileType" = "sourcecode.swift"; "path" = "Gusto/Integration/FoodScanController.swift"; "sourceTree" = "<group>"; }; "0C9AF585930573D8DD31B06A" = { "isa" = "PBXBuildFile"; "fileRef" = "60DA033DC271215B8FF684BD"; }; "85A9B970D9C613D1D7B90C35" = { "isa" = "PBXFileReference"; "lastKnownFileType" = "sourcecode.swift"; "path" = "Gusto/Integration/ImagePipeline.swift"; "sourceTree" = "<group>"; }; "2E4181F270D47B5A19D3BD3A" = { "isa" = "PBXBuildFile"; "fileRef" = "85A9B970D9C613D1D7B90C35"; }; "EEB46114AE4D5FBB9F11856C" = { "isa" = "PBXFileReference"; "lastKnownFileType" = "sourcecode.swift"; "path" = "Gusto/Integration/LocationController.swift"; "sourceTree" = "<group>"; }; "2ED7593ABC848AB5104B4553" = { "isa" = "PBXBuildFile"; "fileRef" = "EEB46114AE4D5FBB9F11856C"; }; "B845C4819C47DFACBAD94C10" = { "isa" = "PBXFileReference"; "lastKnownFileType" = "sourcecode.swift"; "path" = "Gusto/Integration/OAuthSignIn.swift"; "sourceTree" = "<group>"; }; "8C13258C04309C7D9B1C98BC" = { "isa" = "PBXBuildFile"; "fileRef" = "B845C4819C47DFACBAD94C10"; }; "588224EFB4FE9D9772E702F9" = { "isa" = "PBXFileReference"; "lastKnownFileType" = "sourcecode.swift"; "path" = "Gusto/Integration/SellDraft.swift"; "sourceTree" = "<group>"; }; "7A9FFA26DBAE2472A7CF6B43" = { "isa" = "PBXBuildFile"; "fileRef" = "588224EFB4FE9D9772E702F9"; }; "4BE5BA4CCACA8F55A58D832F" = { "isa" = "PBXFileReference"; "lastKnownFileType" = "sourcecode.swift"; "path" = "Gusto/Integration/SessionController.swift"; "sourceTree" = "<group>"; }; "4F822A5429CC3D544F089947" = { "isa" = "PBXBuildFile"; "fileRef" = "4BE5BA4CCACA8F55A58D832F"; }; "84043571F36849280E771A0C" = { "isa" = "PBXSourcesBuildPhase"; "buildActionMask" = "2147483647"; "files" = ( "45F49F888D8BF33779610A45", "68A3E031B0C70E60565590AA", "D030B97DE829A0A7D824CF76", "65ED67E5D4EF449650DBF7FB", "F741B231DEE103BA7FEA8A23", "C2122B12828F1ABA9123CB8D", "E12611043D58A6EC3885706B", "0BD293A91672678A6FA2944E", "F7718E457C79FBC526D3CB92", "832E57389ADAE7C849DEB40F", "CAFBB54C9B785571AB2C3366", "0B626C533AF3AA7A96BA9DEF", "01CFE55FA7977F362BAD2FED", "215DB9A58F7F96486B2133B1", "24725CADA88CD95411CEC854", "12F5234C461ADF1DC415DC5F", "CF9FBEBADC2772A544EBAADC", "D9D6AC5E63C5D491F51C2137", "84706B022AA214BB16E524D7", "68B7EAF481411A79C3361060", "59A92BB6E73D57D773630E49", "FCEDB466DD21439983D75BCD", "41472699FA7E95C60DE1F9C2", "B4618728538960A4E2D2D625", "70F3D47B3352FB3509AACCB5", "0C9AF585930573D8DD31B06A", "2E4181F270D47B5A19D3BD3A", "2ED7593ABC848AB5104B4553", "8C13258C04309C7D9B1C98BC", "7A9FFA26DBAE2472A7CF6B43", "4F822A5429CC3D544F089947", ); "runOnlyForDeploymentPostprocessing" = "0"; }; "3685E330EC5277A9DD5661C6" = { "isa" = "PBXFileReference"; "lastKnownFileType" = "folder.assetcatalog"; "path" = "Gusto/Resources/Assets.xcassets"; "sourceTree" = "<group>"; }; "F0C3048B9C4C204F3473B058" = { "isa" = "PBXBuildFile"; "fileRef" = "3685E330EC5277A9DD5661C6"; }; "71D1C79D1D6069A1CF33F9DD" = { "isa" = "PBXResourcesBuildPhase"; "buildActionMask" = "2147483647"; "files" = ( "F0C3048B9C4C204F3473B058", ); "runOnlyForDeploymentPostprocessing" = "0"; }; "DDB3198578B4D38CFC5DEF04" = { "isa" = "PBXFrameworksBuildPhase"; "buildActionMask" = "2147483647"; "files" = (); "runOnlyForDeploymentPostprocessing" = "0"; }; "36992FD9EFCC35941EC8F506" = { "isa" = "PBXFileReference"; "explicitFileType" = "wrapper.application"; "includeInIndex" = "0"; "path" = "Gusto.app"; "sourceTree" = "BUILT_PRODUCTS_DIR"; }; "FCE43BE77BD869C904BAFA6B" = { "isa" = "XCBuildConfiguration"; "buildSettings" = { "PRODUCT_NAME" = "$(TARGET_NAME)"; "PRODUCT_BUNDLE_IDENTIFIER" = "com.mhacks.rescue"; "SWIFT_VERSION" = "5.0"; "IPHONEOS_DEPLOYMENT_TARGET" = "17.0"; "TARGETED_DEVICE_FAMILY" = "1"; "GENERATE_INFOPLIST_FILE" = "YES"; "CODE_SIGN_STYLE" = "Automatic"; "SUPPORTED_PLATFORMS" = "iphoneos iphonesimulator"; "SWIFT_OPTIMIZATION_LEVEL" = "-Onone"; "ENABLE_TESTABILITY" = "YES"; "SWIFT_EMIT_LOC_STRINGS" = "YES"; "LD_RUNPATH_SEARCH_PATHS" = ( "$(inherited)", "@executable_path/Frameworks", ); "ASSETCATALOG_COMPILER_APPICON_NAME" = "AppIcon"; "ASSETCATALOG_COMPILER_GLOBAL_ACCENT_COLOR_NAME" = "AccentColor"; "CODE_SIGN_ENTITLEMENTS[sdk=iphonesimulator*]" = "Gusto/Resources/Simulator.entitlements"; "INFOPLIST_FILE" = "Gusto/Resources/Info.plist"; "INFOPLIST_KEY_CFBundleDisplayName" = "Gusto"; "INFOPLIST_KEY_LSApplicationCategoryType" = "public.app-category.food-and-drink"; "INFOPLIST_KEY_UIApplicationSceneManifest_Generation" = "YES"; "INFOPLIST_KEY_UIApplicationSupportsIndirectInputEvents" = "YES"; "INFOPLIST_KEY_UILaunchScreen_Generation" = "YES"; "INFOPLIST_KEY_UISupportedInterfaceOrientations" = "UIInterfaceOrientationPortrait"; "SWIFT_ACTIVE_COMPILATION_CONDITIONS" = "DEBUG"; }; "name" = "Debug"; }; "76FAC1F724DD3E0B1827BAD0" = { "isa" = "XCBuildConfiguration"; "buildSettings" = { "PRODUCT_NAME" = "$(TARGET_NAME)"; "PRODUCT_BUNDLE_IDENTIFIER" = "com.mhacks.rescue"; "SWIFT_VERSION" = "5.0"; "IPHONEOS_DEPLOYMENT_TARGET" = "17.0"; "TARGETED_DEVICE_FAMILY" = "1"; "GENERATE_INFOPLIST_FILE" = "YES"; "CODE_SIGN_STYLE" = "Automatic"; "SUPPORTED_PLATFORMS" = "iphoneos iphonesimulator"; "SWIFT_OPTIMIZATION_LEVEL" = "-O"; "ENABLE_TESTABILITY" = "NO"; "SWIFT_EMIT_LOC_STRINGS" = "YES"; "LD_RUNPATH_SEARCH_PATHS" = ( "$(inherited)", "@executable_path/Frameworks", ); "ASSETCATALOG_COMPILER_APPICON_NAME" = "AppIcon"; "ASSETCATALOG_COMPILER_GLOBAL_ACCENT_COLOR_NAME" = "AccentColor"; "CODE_SIGN_ENTITLEMENTS[sdk=iphonesimulator*]" = "Gusto/Resources/Simulator.entitlements"; "INFOPLIST_FILE" = "Gusto/Resources/Info.plist"; "INFOPLIST_KEY_CFBundleDisplayName" = "Gusto"; "INFOPLIST_KEY_LSApplicationCategoryType" = "public.app-category.food-and-drink"; "INFOPLIST_KEY_UIApplicationSceneManifest_Generation" = "YES"; "INFOPLIST_KEY_UIApplicationSupportsIndirectInputEvents" = "YES"; "INFOPLIST_KEY_UILaunchScreen_Generation" = "YES"; "INFOPLIST_KEY_UISupportedInterfaceOrientations" = "UIInterfaceOrientationPortrait"; "SWIFT_ACTIVE_COMPILATION_CONDITIONS" = ""; }; "name" = "Release"; }; "76332E4305D08681548684E4" = { "isa" = "XCConfigurationList"; "buildConfigurations" = ( "FCE43BE77BD869C904BAFA6B", "76FAC1F724DD3E0B1827BAD0", ); "defaultConfigurationIsVisible" = "0"; "defaultConfigurationName" = "Release"; }; "874E7FD7A39CF1D6319F589D" = { "isa" = "PBXNativeTarget"; "buildConfigurationList" = "76332E4305D08681548684E4"; "buildPhases" = ( "84043571F36849280E771A0C", "DDB3198578B4D38CFC5DEF04", "71D1C79D1D6069A1CF33F9DD", ); "buildRules" = (); "dependencies" = (); "name" = "Gusto"; "productName" = "Gusto"; "productReference" = "36992FD9EFCC35941EC8F506"; "productType" = "com.apple.product-type.application"; }; "D57E4BF82EF525F615C98927" = { "isa" = "PBXFileReference"; "lastKnownFileType" = "sourcecode.swift"; "path" = "Tests/GustoCoreTests/BackendTests.swift"; "sourceTree" = "<group>"; }; "1B289B4927706E814DDCC495" = { "isa" = "PBXBuildFile"; "fileRef" = "D57E4BF82EF525F615C98927"; }; "ED9965ADA2B70D8D8843FA2F" = { "isa" = "PBXFileReference"; "lastKnownFileType" = "sourcecode.swift"; "path" = "Tests/GustoCoreTests/ClimateBluetoothTests.swift"; "sourceTree" = "<group>"; }; "ED15E110C4A07C43F3AB91A2" = { "isa" = "PBXBuildFile"; "fileRef" = "ED9965ADA2B70D8D8843FA2F"; }; "0EE5B442749B5B8596A7BF07" = { "isa" = "PBXFileReference"; "lastKnownFileType" = "sourcecode.swift"; "path" = "Tests/GustoCoreTests/FoodInventoryTests.swift"; "sourceTree" = "<group>"; }; "AA6B871ED36FD4DD9E5AB2B6" = { "isa" = "PBXBuildFile"; "fileRef" = "0EE5B442749B5B8596A7BF07"; }; "CAE9A78E398749A76A5E5723" = { "isa" = "PBXFileReference"; "lastKnownFileType" = "sourcecode.swift"; "path" = "Tests/GustoCoreTests/GustoCoreTests.swift"; "sourceTree" = "<group>"; }; "5029C5C5348DD82DC39F5B22" = { "isa" = "PBXBuildFile"; "fileRef" = "CAE9A78E398749A76A5E5723"; }; "14939CC3023AADAA1D025C47" = { "isa" = "PBXFileReference"; "lastKnownFileType" = "sourcecode.swift"; "path" = "Tests/GustoCoreTests/OAuthTests.swift"; "sourceTree" = "<group>"; }; "F5C5472231E4169AFC19481D" = { "isa" = "PBXBuildFile"; "fileRef" = "14939CC3023AADAA1D025C47"; }; "2BCD2E529C050E9E3EA60814" = { "isa" = "PBXSourcesBuildPhase"; "buildActionMask" = "2147483647"; "files" = ( "1B289B4927706E814DDCC495", "ED15E110C4A07C43F3AB91A2", "AA6B871ED36FD4DD9E5AB2B6", "5029C5C5348DD82DC39F5B22", "F5C5472231E4169AFC19481D", ); "runOnlyForDeploymentPostprocessing" = "0"; }; "B95A5431345B2E85A778E27D" = { "isa" = "PBXResourcesBuildPhase"; "buildActionMask" = "2147483647"; "files" = (); "runOnlyForDeploymentPostprocessing" = "0"; }; "A2CD8AEBFA2B4D428B15EDF7" = { "isa" = "PBXFrameworksBuildPhase"; "buildActionMask" = "2147483647"; "files" = (); "runOnlyForDeploymentPostprocessing" = "0"; }; "FD2211A188B4D52B69DCF468" = { "isa" = "PBXFileReference"; "explicitFileType" = "wrapper.cfbundle"; "includeInIndex" = "0"; "path" = "GustoTests.xctest"; "sourceTree" = "BUILT_PRODUCTS_DIR"; }; "F5847CED4795EF2BD9670AC6" = { "isa" = "XCBuildConfiguration"; "buildSettings" = { "PRODUCT_NAME" = "$(TARGET_NAME)"; "PRODUCT_BUNDLE_IDENTIFIER" = "com.mhacks.rescue.unit"; "SWIFT_VERSION" = "5.0"; "IPHONEOS_DEPLOYMENT_TARGET" = "17.0"; "TARGETED_DEVICE_FAMILY" = "1"; "GENERATE_INFOPLIST_FILE" = "YES"; "CODE_SIGN_STYLE" = "Automatic"; "SUPPORTED_PLATFORMS" = "iphoneos iphonesimulator"; "SWIFT_OPTIMIZATION_LEVEL" = "-Onone"; "ENABLE_TESTABILITY" = "YES"; "SWIFT_EMIT_LOC_STRINGS" = "YES"; "LD_RUNPATH_SEARCH_PATHS" = ( "$(inherited)", "@executable_path/Frameworks", ); "TEST_HOST" = "$(BUILT_PRODUCTS_DIR)/Gusto.app/$(BUNDLE_EXECUTABLE_FOLDER_PATH)/Gusto"; "BUNDLE_LOADER" = "$(TEST_HOST)"; }; "name" = "Debug"; }; "FD26131E7D1CDB5B7923BE20" = { "isa" = "XCBuildConfiguration"; "buildSettings" = { "PRODUCT_NAME" = "$(TARGET_NAME)"; "PRODUCT_BUNDLE_IDENTIFIER" = "com.mhacks.rescue.unit"; "SWIFT_VERSION" = "5.0"; "IPHONEOS_DEPLOYMENT_TARGET" = "17.0"; "TARGETED_DEVICE_FAMILY" = "1"; "GENERATE_INFOPLIST_FILE" = "YES"; "CODE_SIGN_STYLE" = "Automatic"; "SUPPORTED_PLATFORMS" = "iphoneos iphonesimulator"; "SWIFT_OPTIMIZATION_LEVEL" = "-O"; "ENABLE_TESTABILITY" = "NO"; "SWIFT_EMIT_LOC_STRINGS" = "YES"; "LD_RUNPATH_SEARCH_PATHS" = ( "$(inherited)", "@executable_path/Frameworks", ); "TEST_HOST" = "$(BUILT_PRODUCTS_DIR)/Gusto.app/$(BUNDLE_EXECUTABLE_FOLDER_PATH)/Gusto"; "BUNDLE_LOADER" = "$(TEST_HOST)"; }; "name" = "Release"; }; "13676B048752DD2A1E46309A" = { "isa" = "XCConfigurationList"; "buildConfigurations" = ( "F5847CED4795EF2BD9670AC6", "FD26131E7D1CDB5B7923BE20", ); "defaultConfigurationIsVisible" = "0"; "defaultConfigurationName" = "Release"; }; "4F00EA91CEF365DF3E82709F" = { "isa" = "PBXContainerItemProxy"; "containerPortal" = "98F54143AB4E86B28C3AFEE0"; "proxyType" = "1"; "remoteGlobalIDString" = "874E7FD7A39CF1D6319F589D"; "remoteInfo" = "Gusto"; }; "0BCA51E1F003D70D227095A3" = { "isa" = "PBXTargetDependency"; "target" = "874E7FD7A39CF1D6319F589D"; "targetProxy" = "4F00EA91CEF365DF3E82709F"; }; "210A3F30B228D02E5F188D53" = { "isa" = "PBXNativeTarget"; "buildConfigurationList" = "13676B048752DD2A1E46309A"; "buildPhases" = ( "2BCD2E529C050E9E3EA60814", "A2CD8AEBFA2B4D428B15EDF7", "B95A5431345B2E85A778E27D", ); "buildRules" = (); "dependencies" = ( "0BCA51E1F003D70D227095A3", ); "name" = "GustoTests"; "productName" = "GustoTests"; "productReference" = "FD2211A188B4D52B69DCF468"; "productType" = "com.apple.product-type.bundle.unit-test"; }; "912F992D0C23D26EA75E1A94" = { "isa" = "PBXFileReference"; "lastKnownFileType" = "sourcecode.swift"; "path" = "Tests/GustoUITests/GustoUITests.swift"; "sourceTree" = "<group>"; }; "97AE84BDDD8487D0D51D8BF6" = { "isa" = "PBXBuildFile"; "fileRef" = "912F992D0C23D26EA75E1A94"; }; "166617445687A617D4137235" = { "isa" = "PBXSourcesBuildPhase"; "buildActionMask" = "2147483647"; "files" = ( "97AE84BDDD8487D0D51D8BF6", ); "runOnlyForDeploymentPostprocessing" = "0"; }; "55622B9DE80FFDA5E4D157D6" = { "isa" = "PBXResourcesBuildPhase"; "buildActionMask" = "2147483647"; "files" = (); "runOnlyForDeploymentPostprocessing" = "0"; }; "26D81240232BD4B97A536214" = { "isa" = "PBXFrameworksBuildPhase"; "buildActionMask" = "2147483647"; "files" = (); "runOnlyForDeploymentPostprocessing" = "0"; }; "513DE63E73EB8230187F293F" = { "isa" = "PBXFileReference"; "explicitFileType" = "wrapper.cfbundle"; "includeInIndex" = "0"; "path" = "GustoUITests.xctest"; "sourceTree" = "BUILT_PRODUCTS_DIR"; }; "D6530E1D2FE6D47E3DAC9DE3" = { "isa" = "XCBuildConfiguration"; "buildSettings" = { "PRODUCT_NAME" = "$(TARGET_NAME)"; "PRODUCT_BUNDLE_IDENTIFIER" = "com.mhacks.rescue.ui"; "SWIFT_VERSION" = "5.0"; "IPHONEOS_DEPLOYMENT_TARGET" = "17.0"; "TARGETED_DEVICE_FAMILY" = "1"; "GENERATE_INFOPLIST_FILE" = "YES"; "CODE_SIGN_STYLE" = "Automatic"; "SUPPORTED_PLATFORMS" = "iphoneos iphonesimulator"; "SWIFT_OPTIMIZATION_LEVEL" = "-Onone"; "ENABLE_TESTABILITY" = "YES"; "SWIFT_EMIT_LOC_STRINGS" = "YES"; "LD_RUNPATH_SEARCH_PATHS" = ( "$(inherited)", "@executable_path/Frameworks", ); "TEST_TARGET_NAME" = "Gusto"; }; "name" = "Debug"; }; "3C039EC1992435AFF8C2B1AC" = { "isa" = "XCBuildConfiguration"; "buildSettings" = { "PRODUCT_NAME" = "$(TARGET_NAME)"; "PRODUCT_BUNDLE_IDENTIFIER" = "com.mhacks.rescue.ui"; "SWIFT_VERSION" = "5.0"; "IPHONEOS_DEPLOYMENT_TARGET" = "17.0"; "TARGETED_DEVICE_FAMILY" = "1"; "GENERATE_INFOPLIST_FILE" = "YES"; "CODE_SIGN_STYLE" = "Automatic"; "SUPPORTED_PLATFORMS" = "iphoneos iphonesimulator"; "SWIFT_OPTIMIZATION_LEVEL" = "-O"; "ENABLE_TESTABILITY" = "NO"; "SWIFT_EMIT_LOC_STRINGS" = "YES"; "LD_RUNPATH_SEARCH_PATHS" = ( "$(inherited)", "@executable_path/Frameworks", ); "TEST_TARGET_NAME" = "Gusto"; }; "name" = "Release"; }; "558BF84F24778F3A2BC03138" = { "isa" = "XCConfigurationList"; "buildConfigurations" = ( "D6530E1D2FE6D47E3DAC9DE3", "3C039EC1992435AFF8C2B1AC", ); "defaultConfigurationIsVisible" = "0"; "defaultConfigurationName" = "Release"; }; "9D88EB1A8CB285A2C2777B84" = { "isa" = "PBXContainerItemProxy"; "containerPortal" = "98F54143AB4E86B28C3AFEE0"; "proxyType" = "1"; "remoteGlobalIDString" = "874E7FD7A39CF1D6319F589D"; "remoteInfo" = "Gusto"; }; "8311ED713D1879C5DA079EA5" = { "isa" = "PBXTargetDependency"; "target" = "874E7FD7A39CF1D6319F589D"; "targetProxy" = "9D88EB1A8CB285A2C2777B84"; }; "F035B8DB8ABAC0B522AA261C" = { "isa" = "PBXNativeTarget"; "buildConfigurationList" = "558BF84F24778F3A2BC03138"; "buildPhases" = ( "166617445687A617D4137235", "26D81240232BD4B97A536214", "55622B9DE80FFDA5E4D157D6", ); "buildRules" = (); "dependencies" = ( "8311ED713D1879C5DA079EA5", ); "name" = "GustoUITests"; "productName" = "GustoUITests"; "productReference" = "513DE63E73EB8230187F293F"; "productType" = "com.apple.product-type.bundle.ui-testing"; }; "D1A18C0BF4EA7BD39587F510" = { "isa" = "PBXFileReference"; "lastKnownFileType" = "net.daringfireball.markdown"; "path" = "DESIGN.md"; "sourceTree" = "<group>"; }; "B7E3F837FACB4BA3B2626B8C" = { "isa" = "PBXFileReference"; "lastKnownFileType" = "net.daringfireball.markdown"; "path" = "ARCHITECTURE.md"; "sourceTree" = "<group>"; }; "3B4DC8A857B51F55B3E78353" = { "isa" = "PBXFileReference"; "lastKnownFileType" = "net.daringfireball.markdown"; "path" = "AGENTS.md"; "sourceTree" = "<group>"; }; "043C83D54CC7C2C8C4844B2F" = { "isa" = "PBXFileReference"; "lastKnownFileType" = "net.daringfireball.markdown"; "path" = "README.md"; "sourceTree" = "<group>"; }; "FBDC4F23F93125BBEEAE800C" = { "isa" = "PBXGroup"; "children" = ( "36992FD9EFCC35941EC8F506", "FD2211A188B4D52B69DCF468", "513DE63E73EB8230187F293F", ); "name" = "Products"; "sourceTree" = "<group>"; }; "42944EBC669F21BC22392EB5" = { "isa" = "PBXGroup"; "children" = ( "1661C6EFB099C20A0746E793", "6BC8F2215CD60683ED0E06EE", "DF6AFC29AD3616A954500811", "3BC66F548F108350EA059B6A", "15315BE0512D26C40BF4A63A", "B48BBFEEC6463CD5C64DF854", "FEC3FE360C3B1FFEA5FAF4D7", "6CA083981E856F13ECF1AF02", "8ECBA9ECFF2BB3FFEE6A57F4", "9C4C64B7C9D7A61FFA19C098", "5809E5D53879265D379B5F72", "D2365081D741459C09AE53C7", "3BBA322384A30CCEC5645017", "7A2173A596244CDA7DE192F1", "7BED6D6797C1396AF722D43E", "D613F7DF15CA4FEFB6D70850", "D152F361BB97E0447B549871", "ED79F99648079FCE505BDDF0", "09CDE1AB133FDADF6D54B4B5", "879AEDCCA19C0B8AF712B76D", "00C8E882A033FAE047F2B1D7", "A2B565540C5B9B8F4DDA31F8", "3F636675A2ACD40D4B9D004D", "C74C854B76577446C4575445", "743BF78DB145D52B44D5BAFE", "60DA033DC271215B8FF684BD", "85A9B970D9C613D1D7B90C35", "EEB46114AE4D5FBB9F11856C", "B845C4819C47DFACBAD94C10", "588224EFB4FE9D9772E702F9", "4BE5BA4CCACA8F55A58D832F", "3685E330EC5277A9DD5661C6", "D57E4BF82EF525F615C98927", "ED9965ADA2B70D8D8843FA2F", "0EE5B442749B5B8596A7BF07", "CAE9A78E398749A76A5E5723", "14939CC3023AADAA1D025C47", "912F992D0C23D26EA75E1A94", "D1A18C0BF4EA7BD39587F510", "B7E3F837FACB4BA3B2626B8C", "3B4DC8A857B51F55B3E78353", "043C83D54CC7C2C8C4844B2F", "FBDC4F23F93125BBEEAE800C", ); "sourceTree" = "<group>"; }; "7FF1594F02A39252B36C2788" = { "isa" = "XCBuildConfiguration"; "buildSettings" = { "SDKROOT" = "iphoneos"; "CLANG_ENABLE_MODULES" = "YES"; "CLANG_ENABLE_OBJC_ARC" = "YES"; "DEBUG_INFORMATION_FORMAT" = "dwarf"; "GCC_C_LANGUAGE_STANDARD" = "gnu17"; "GCC_PREPROCESSOR_DEFINITIONS" = ( "DEBUG=1", "$(inherited)", ); "SWIFT_VERSION" = "5.0"; "IPHONEOS_DEPLOYMENT_TARGET" = "17.0"; }; "name" = "Debug"; }; "8AF42D9F8E598D010F7434BA" = { "isa" = "XCBuildConfiguration"; "buildSettings" = { "SDKROOT" = "iphoneos"; "CLANG_ENABLE_MODULES" = "YES"; "CLANG_ENABLE_OBJC_ARC" = "YES"; "DEBUG_INFORMATION_FORMAT" = "dwarf-with-dsym"; "GCC_C_LANGUAGE_STANDARD" = "gnu17"; "GCC_PREPROCESSOR_DEFINITIONS" = ( "$(inherited)", ); "SWIFT_VERSION" = "5.0"; "IPHONEOS_DEPLOYMENT_TARGET" = "17.0"; }; "name" = "Release"; }; "640DC9EFD529235A8D9E2727" = { "isa" = "XCConfigurationList"; "buildConfigurations" = ( "7FF1594F02A39252B36C2788", "8AF42D9F8E598D010F7434BA", ); "defaultConfigurationIsVisible" = "0"; "defaultConfigurationName" = "Release"; }; "98F54143AB4E86B28C3AFEE0" = { "isa" = "PBXProject"; "attributes" = { "BuildIndependentTargetsInParallel" = "YES"; "LastUpgradeCheck" = "1640"; "TargetAttributes" = { "874E7FD7A39CF1D6319F589D" = { "CreatedOnToolsVersion" = "16.4"; }; "210A3F30B228D02E5F188D53" = { "CreatedOnToolsVersion" = "16.4"; "TestTargetID" = "874E7FD7A39CF1D6319F589D"; }; "F035B8DB8ABAC0B522AA261C" = { "CreatedOnToolsVersion" = "16.4"; "TestTargetID" = "874E7FD7A39CF1D6319F589D"; }; }; }; "buildConfigurationList" = "640DC9EFD529235A8D9E2727"; "compatibilityVersion" = "Xcode 14.0"; "developmentRegion" = "en"; "hasScannedForEncodings" = "0"; "knownRegions" = ( "en", "Base", ); "mainGroup" = "42944EBC669F21BC22392EB5"; "productRefGroup" = "FBDC4F23F93125BBEEAE800C"; "projectDirPath" = ""; "projectRoot" = ""; "targets" = ( "874E7FD7A39CF1D6319F589D", "210A3F30B228D02E5F188D53", "F035B8DB8ABAC0B522AA261C", ); }; }; "rootObject" = "98F54143AB4E86B28C3AFEE0"; }
