// !$*UTF8*$!
{ "archiveVersion" = "1"; "classes" = {  }; "objectVersion" = "56"; "objects" = { "B6B9FC273E1188A45C4C803F" = { "isa" = "PBXFileReference"; "lastKnownFileType" = "sourcecode.swift"; "path" = "Sources/RescueCore/AppStore.swift"; "sourceTree" = "<group>"; }; "5C2872212F3EDA33D433C216" = { "isa" = "PBXBuildFile"; "fileRef" = "B6B9FC273E1188A45C4C803F"; }; "53C46026B6AF8BEF10C89C91" = { "isa" = "PBXFileReference"; "lastKnownFileType" = "sourcecode.swift"; "path" = "Sources/RescueCore/DemoService.swift"; "sourceTree" = "<group>"; }; "376C5489CD65160D195FFAA5" = { "isa" = "PBXBuildFile"; "fileRef" = "53C46026B6AF8BEF10C89C91"; }; "1730F2BCF408B0CC55B193BD" = { "isa" = "PBXFileReference"; "lastKnownFileType" = "sourcecode.swift"; "path" = "Sources/RescueCore/HTTPRepository.swift"; "sourceTree" = "<group>"; }; "7D231C6058EFC147B748EE37" = { "isa" = "PBXBuildFile"; "fileRef" = "1730F2BCF408B0CC55B193BD"; }; "B9374B499149EF8055DD0F6C" = { "isa" = "PBXFileReference"; "lastKnownFileType" = "sourcecode.swift"; "path" = "Sources/RescueCore/MockCatalog.swift"; "sourceTree" = "<group>"; }; "4C962404C408EF92A3CE1EE5" = { "isa" = "PBXBuildFile"; "fileRef" = "B9374B499149EF8055DD0F6C"; }; "7E5D4739D1918898FACE2DAE" = { "isa" = "PBXFileReference"; "lastKnownFileType" = "sourcecode.swift"; "path" = "Sources/RescueCore/Models.swift"; "sourceTree" = "<group>"; }; "95AAB10AD3A3FC56E7B95B57" = { "isa" = "PBXBuildFile"; "fileRef" = "7E5D4739D1918898FACE2DAE"; }; "8AF06AF3883210B656C6BDD2" = { "isa" = "PBXFileReference"; "lastKnownFileType" = "sourcecode.swift"; "path" = "Sources/RescueCore/PickupPlanner.swift"; "sourceTree" = "<group>"; }; "635551FA999840B2318A438A" = { "isa" = "PBXBuildFile"; "fileRef" = "8AF06AF3883210B656C6BDD2"; }; "34FE6C37D8B33AED2C1881BE" = { "isa" = "PBXFileReference"; "lastKnownFileType" = "sourcecode.swift"; "path" = "Sources/RescueCore/Repository.swift"; "sourceTree" = "<group>"; }; "66C19FFB27078746FBA10BA5" = { "isa" = "PBXBuildFile"; "fileRef" = "34FE6C37D8B33AED2C1881BE"; }; "4975E63A55B4D26592A12ED9" = { "isa" = "PBXFileReference"; "lastKnownFileType" = "sourcecode.swift"; "path" = "Rescue/App/AppRouter.swift"; "sourceTree" = "<group>"; }; "F71CDAE79045AA470E55CF25" = { "isa" = "PBXBuildFile"; "fileRef" = "4975E63A55B4D26592A12ED9"; }; "3DA369F28F3941CE2F0E0787" = { "isa" = "PBXFileReference"; "lastKnownFileType" = "sourcecode.swift"; "path" = "Rescue/App/RescueApp.swift"; "sourceTree" = "<group>"; }; "A3E04ED73AAD00A725E121A8" = { "isa" = "PBXBuildFile"; "fileRef" = "3DA369F28F3941CE2F0E0787"; }; "23A3FAC5F9FA0DC4BF4F355D" = { "isa" = "PBXFileReference"; "lastKnownFileType" = "sourcecode.swift"; "path" = "Rescue/Components/RescueMap.swift"; "sourceTree" = "<group>"; }; "CE87A0A7D8E26877866F4ECF" = { "isa" = "PBXBuildFile"; "fileRef" = "23A3FAC5F9FA0DC4BF4F355D"; }; "47F5BF249066C5476D097E3B" = { "isa" = "PBXFileReference"; "lastKnownFileType" = "sourcecode.swift"; "path" = "Rescue/Components/SharedComponents.swift"; "sourceTree" = "<group>"; }; "C7D964E379425604CD8CE807" = { "isa" = "PBXBuildFile"; "fileRef" = "47F5BF249066C5476D097E3B"; }; "C6AA3CF739E7655E01B90433" = { "isa" = "PBXFileReference"; "lastKnownFileType" = "sourcecode.swift"; "path" = "Rescue/DesignSystem/Theme.swift"; "sourceTree" = "<group>"; }; "18CC44A6D057F733DC080D5B" = { "isa" = "PBXBuildFile"; "fileRef" = "C6AA3CF739E7655E01B90433"; }; "A573701DB5474BACC122934D" = { "isa" = "PBXFileReference"; "lastKnownFileType" = "sourcecode.swift"; "path" = "Rescue/Features/DiscoverView.swift"; "sourceTree" = "<group>"; }; "DA2D116FB5F20391E863EFE3" = { "isa" = "PBXBuildFile"; "fileRef" = "A573701DB5474BACC122934D"; }; "4F5D6258807EB36599358F68" = { "isa" = "PBXFileReference"; "lastKnownFileType" = "sourcecode.swift"; "path" = "Rescue/Features/ListingDetailView.swift"; "sourceTree" = "<group>"; }; "CAC8437C459D78345F115A2F" = { "isa" = "PBXBuildFile"; "fileRef" = "4F5D6258807EB36599358F68"; }; "0F536F3BA2588786A0F486A5" = { "isa" = "PBXFileReference"; "lastKnownFileType" = "sourcecode.swift"; "path" = "Rescue/Features/MarketplaceMapView.swift"; "sourceTree" = "<group>"; }; "C5EDACF0166ECA06949080C7" = { "isa" = "PBXBuildFile"; "fileRef" = "0F536F3BA2588786A0F486A5"; }; "B088665CEB640737687CFF4D" = { "isa" = "PBXFileReference"; "lastKnownFileType" = "sourcecode.swift"; "path" = "Rescue/Features/MessagesView.swift"; "sourceTree" = "<group>"; }; "90C2F306989493E8F7A762F4" = { "isa" = "PBXBuildFile"; "fileRef" = "B088665CEB640737687CFF4D"; }; "2F926A721C578782C5D74A22" = { "isa" = "PBXFileReference"; "lastKnownFileType" = "sourcecode.swift"; "path" = "Rescue/Features/PickupFlowView.swift"; "sourceTree" = "<group>"; }; "BD8C768FF40506D5E73B0AE7" = { "isa" = "PBXBuildFile"; "fileRef" = "2F926A721C578782C5D74A22"; }; "915F3C5FFB9A95A00758AF7B" = { "isa" = "PBXFileReference"; "lastKnownFileType" = "sourcecode.swift"; "path" = "Rescue/Features/ProfileView.swift"; "sourceTree" = "<group>"; }; "FD84BBA47B72002D7754A4D5" = { "isa" = "PBXBuildFile"; "fileRef" = "915F3C5FFB9A95A00758AF7B"; }; "AAA76B5938D076247C1477C7" = { "isa" = "PBXFileReference"; "lastKnownFileType" = "sourcecode.swift"; "path" = "Rescue/Features/SearchAndFilters.swift"; "sourceTree" = "<group>"; }; "DFEFABD98B81516FEBD69C1A" = { "isa" = "PBXBuildFile"; "fileRef" = "AAA76B5938D076247C1477C7"; }; "B4F8F0B184CE45A032EB7257" = { "isa" = "PBXFileReference"; "lastKnownFileType" = "sourcecode.swift"; "path" = "Rescue/Features/SellView.swift"; "sourceTree" = "<group>"; }; "130B519A5391EA742FAC794B" = { "isa" = "PBXBuildFile"; "fileRef" = "B4F8F0B184CE45A032EB7257"; }; "AB39EC9F6C1B2051F7157003" = { "isa" = "PBXFileReference"; "lastKnownFileType" = "sourcecode.swift"; "path" = "Rescue/Integration/ImagePipeline.swift"; "sourceTree" = "<group>"; }; "781A50AD821A5353454C7351" = { "isa" = "PBXBuildFile"; "fileRef" = "AB39EC9F6C1B2051F7157003"; }; "A35CE61C4A96E918D4A64A75" = { "isa" = "PBXFileReference"; "lastKnownFileType" = "sourcecode.swift"; "path" = "Rescue/Integration/SellDraft.swift"; "sourceTree" = "<group>"; }; "ACB930C30DC6550CEDB551C0" = { "isa" = "PBXBuildFile"; "fileRef" = "A35CE61C4A96E918D4A64A75"; }; "00D1ED4BF45790AA11E842EA" = { "isa" = "PBXFileReference"; "lastKnownFileType" = "sourcecode.swift"; "path" = "Rescue/Integration/SessionController.swift"; "sourceTree" = "<group>"; }; "AA4C067AD3D8E55B1D3B4B80" = { "isa" = "PBXBuildFile"; "fileRef" = "00D1ED4BF45790AA11E842EA"; }; "84043571F36849280E771A0C" = { "isa" = "PBXSourcesBuildPhase"; "buildActionMask" = "2147483647"; "files" = ( "5C2872212F3EDA33D433C216", "376C5489CD65160D195FFAA5", "7D231C6058EFC147B748EE37", "4C962404C408EF92A3CE1EE5", "95AAB10AD3A3FC56E7B95B57", "635551FA999840B2318A438A", "66C19FFB27078746FBA10BA5", "F71CDAE79045AA470E55CF25", "A3E04ED73AAD00A725E121A8", "CE87A0A7D8E26877866F4ECF", "C7D964E379425604CD8CE807", "18CC44A6D057F733DC080D5B", "DA2D116FB5F20391E863EFE3", "CAC8437C459D78345F115A2F", "C5EDACF0166ECA06949080C7", "90C2F306989493E8F7A762F4", "BD8C768FF40506D5E73B0AE7", "FD84BBA47B72002D7754A4D5", "DFEFABD98B81516FEBD69C1A", "130B519A5391EA742FAC794B", "781A50AD821A5353454C7351", "ACB930C30DC6550CEDB551C0", "AA4C067AD3D8E55B1D3B4B80", ); "runOnlyForDeploymentPostprocessing" = "0"; }; "3685E330EC5277A9DD5661C6" = { "isa" = "PBXFileReference"; "lastKnownFileType" = "folder.assetcatalog"; "path" = "Rescue/Resources/Assets.xcassets"; "sourceTree" = "<group>"; }; "F0C3048B9C4C204F3473B058" = { "isa" = "PBXBuildFile"; "fileRef" = "3685E330EC5277A9DD5661C6"; }; "71D1C79D1D6069A1CF33F9DD" = { "isa" = "PBXResourcesBuildPhase"; "buildActionMask" = "2147483647"; "files" = ( "F0C3048B9C4C204F3473B058", ); "runOnlyForDeploymentPostprocessing" = "0"; }; "DDB3198578B4D38CFC5DEF04" = { "isa" = "PBXFrameworksBuildPhase"; "buildActionMask" = "2147483647"; "files" = (); "runOnlyForDeploymentPostprocessing" = "0"; }; "36992FD9EFCC35941EC8F506" = { "isa" = "PBXFileReference"; "explicitFileType" = "wrapper.application"; "includeInIndex" = "0"; "path" = "Rescue.app"; "sourceTree" = "BUILT_PRODUCTS_DIR"; }; "FCE43BE77BD869C904BAFA6B" = { "isa" = "XCBuildConfiguration"; "buildSettings" = { "PRODUCT_NAME" = "$(TARGET_NAME)"; "PRODUCT_BUNDLE_IDENTIFIER" = "com.mhacks.rescue"; "SWIFT_VERSION" = "5.0"; "IPHONEOS_DEPLOYMENT_TARGET" = "17.0"; "TARGETED_DEVICE_FAMILY" = "1"; "GENERATE_INFOPLIST_FILE" = "YES"; "CODE_SIGN_STYLE" = "Automatic"; "SUPPORTED_PLATFORMS" = "iphoneos iphonesimulator"; "SWIFT_OPTIMIZATION_LEVEL" = "-Onone"; "ENABLE_TESTABILITY" = "YES"; "SWIFT_EMIT_LOC_STRINGS" = "YES"; "LD_RUNPATH_SEARCH_PATHS" = ( "$(inherited)", "@executable_path/Frameworks", ); "ASSETCATALOG_COMPILER_APPICON_NAME" = "AppIcon"; "ASSETCATALOG_COMPILER_GLOBAL_ACCENT_COLOR_NAME" = "AccentColor"; "CODE_SIGN_ENTITLEMENTS[sdk=iphonesimulator*]" = "Rescue/Resources/Simulator.entitlements"; "INFOPLIST_FILE" = "Rescue/Resources/Info.plist"; "INFOPLIST_KEY_CFBundleDisplayName" = "Rescue"; "INFOPLIST_KEY_LSApplicationCategoryType" = "public.app-category.food-and-drink"; "INFOPLIST_KEY_UIApplicationSceneManifest_Generation" = "YES"; "INFOPLIST_KEY_UIApplicationSupportsIndirectInputEvents" = "YES"; "INFOPLIST_KEY_UILaunchScreen_Generation" = "YES"; "INFOPLIST_KEY_UISupportedInterfaceOrientations" = "UIInterfaceOrientationPortrait"; "SWIFT_ACTIVE_COMPILATION_CONDITIONS" = "DEBUG"; }; "name" = "Debug"; }; "76FAC1F724DD3E0B1827BAD0" = { "isa" = "XCBuildConfiguration"; "buildSettings" = { "PRODUCT_NAME" = "$(TARGET_NAME)"; "PRODUCT_BUNDLE_IDENTIFIER" = "com.mhacks.rescue"; "SWIFT_VERSION" = "5.0"; "IPHONEOS_DEPLOYMENT_TARGET" = "17.0"; "TARGETED_DEVICE_FAMILY" = "1"; "GENERATE_INFOPLIST_FILE" = "YES"; "CODE_SIGN_STYLE" = "Automatic"; "SUPPORTED_PLATFORMS" = "iphoneos iphonesimulator"; "SWIFT_OPTIMIZATION_LEVEL" = "-O"; "ENABLE_TESTABILITY" = "NO"; "SWIFT_EMIT_LOC_STRINGS" = "YES"; "LD_RUNPATH_SEARCH_PATHS" = ( "$(inherited)", "@executable_path/Frameworks", ); "ASSETCATALOG_COMPILER_APPICON_NAME" = "AppIcon"; "ASSETCATALOG_COMPILER_GLOBAL_ACCENT_COLOR_NAME" = "AccentColor"; "CODE_SIGN_ENTITLEMENTS[sdk=iphonesimulator*]" = "Rescue/Resources/Simulator.entitlements"; "INFOPLIST_FILE" = "Rescue/Resources/Info.plist"; "INFOPLIST_KEY_CFBundleDisplayName" = "Rescue"; "INFOPLIST_KEY_LSApplicationCategoryType" = "public.app-category.food-and-drink"; "INFOPLIST_KEY_UIApplicationSceneManifest_Generation" = "YES"; "INFOPLIST_KEY_UIApplicationSupportsIndirectInputEvents" = "YES"; "INFOPLIST_KEY_UILaunchScreen_Generation" = "YES"; "INFOPLIST_KEY_UISupportedInterfaceOrientations" = "UIInterfaceOrientationPortrait"; "SWIFT_ACTIVE_COMPILATION_CONDITIONS" = ""; }; "name" = "Release"; }; "76332E4305D08681548684E4" = { "isa" = "XCConfigurationList"; "buildConfigurations" = ( "FCE43BE77BD869C904BAFA6B", "76FAC1F724DD3E0B1827BAD0", ); "defaultConfigurationIsVisible" = "0"; "defaultConfigurationName" = "Release"; }; "874E7FD7A39CF1D6319F589D" = { "isa" = "PBXNativeTarget"; "buildConfigurationList" = "76332E4305D08681548684E4"; "buildPhases" = ( "84043571F36849280E771A0C", "DDB3198578B4D38CFC5DEF04", "71D1C79D1D6069A1CF33F9DD", ); "buildRules" = (); "dependencies" = (); "name" = "Rescue"; "productName" = "Rescue"; "productReference" = "36992FD9EFCC35941EC8F506"; "productType" = "com.apple.product-type.application"; }; "C0E115B75A394756E53351AA" = { "isa" = "PBXFileReference"; "lastKnownFileType" = "sourcecode.swift"; "path" = "Tests/RescueCoreTests/BackendTests.swift"; "sourceTree" = "<group>"; }; "E524F4A00A01BF0F88069AAE" = { "isa" = "PBXBuildFile"; "fileRef" = "C0E115B75A394756E53351AA"; }; "A99F6DA5B54B03B12ACA808B" = { "isa" = "PBXFileReference"; "lastKnownFileType" = "sourcecode.swift"; "path" = "Tests/RescueCoreTests/RescueCoreTests.swift"; "sourceTree" = "<group>"; }; "11ABA7F793AFAE22F72BB98B" = { "isa" = "PBXBuildFile"; "fileRef" = "A99F6DA5B54B03B12ACA808B"; }; "2BCD2E529C050E9E3EA60814" = { "isa" = "PBXSourcesBuildPhase"; "buildActionMask" = "2147483647"; "files" = ( "E524F4A00A01BF0F88069AAE", "11ABA7F793AFAE22F72BB98B", ); "runOnlyForDeploymentPostprocessing" = "0"; }; "B95A5431345B2E85A778E27D" = { "isa" = "PBXResourcesBuildPhase"; "buildActionMask" = "2147483647"; "files" = (); "runOnlyForDeploymentPostprocessing" = "0"; }; "A2CD8AEBFA2B4D428B15EDF7" = { "isa" = "PBXFrameworksBuildPhase"; "buildActionMask" = "2147483647"; "files" = (); "runOnlyForDeploymentPostprocessing" = "0"; }; "FD2211A188B4D52B69DCF468" = { "isa" = "PBXFileReference"; "explicitFileType" = "wrapper.cfbundle"; "includeInIndex" = "0"; "path" = "RescueTests.xctest"; "sourceTree" = "BUILT_PRODUCTS_DIR"; }; "F5847CED4795EF2BD9670AC6" = { "isa" = "XCBuildConfiguration"; "buildSettings" = { "PRODUCT_NAME" = "$(TARGET_NAME)"; "PRODUCT_BUNDLE_IDENTIFIER" = "com.mhacks.rescue.unit"; "SWIFT_VERSION" = "5.0"; "IPHONEOS_DEPLOYMENT_TARGET" = "17.0"; "TARGETED_DEVICE_FAMILY" = "1"; "GENERATE_INFOPLIST_FILE" = "YES"; "CODE_SIGN_STYLE" = "Automatic"; "SUPPORTED_PLATFORMS" = "iphoneos iphonesimulator"; "SWIFT_OPTIMIZATION_LEVEL" = "-Onone"; "ENABLE_TESTABILITY" = "YES"; "SWIFT_EMIT_LOC_STRINGS" = "YES"; "LD_RUNPATH_SEARCH_PATHS" = ( "$(inherited)", "@executable_path/Frameworks", ); "TEST_HOST" = "$(BUILT_PRODUCTS_DIR)/Rescue.app/$(BUNDLE_EXECUTABLE_FOLDER_PATH)/Rescue"; "BUNDLE_LOADER" = "$(TEST_HOST)"; }; "name" = "Debug"; }; "FD26131E7D1CDB5B7923BE20" = { "isa" = "XCBuildConfiguration"; "buildSettings" = { "PRODUCT_NAME" = "$(TARGET_NAME)"; "PRODUCT_BUNDLE_IDENTIFIER" = "com.mhacks.rescue.unit"; "SWIFT_VERSION" = "5.0"; "IPHONEOS_DEPLOYMENT_TARGET" = "17.0"; "TARGETED_DEVICE_FAMILY" = "1"; "GENERATE_INFOPLIST_FILE" = "YES"; "CODE_SIGN_STYLE" = "Automatic"; "SUPPORTED_PLATFORMS" = "iphoneos iphonesimulator"; "SWIFT_OPTIMIZATION_LEVEL" = "-O"; "ENABLE_TESTABILITY" = "NO"; "SWIFT_EMIT_LOC_STRINGS" = "YES"; "LD_RUNPATH_SEARCH_PATHS" = ( "$(inherited)", "@executable_path/Frameworks", ); "TEST_HOST" = "$(BUILT_PRODUCTS_DIR)/Rescue.app/$(BUNDLE_EXECUTABLE_FOLDER_PATH)/Rescue"; "BUNDLE_LOADER" = "$(TEST_HOST)"; }; "name" = "Release"; }; "13676B048752DD2A1E46309A" = { "isa" = "XCConfigurationList"; "buildConfigurations" = ( "F5847CED4795EF2BD9670AC6", "FD26131E7D1CDB5B7923BE20", ); "defaultConfigurationIsVisible" = "0"; "defaultConfigurationName" = "Release"; }; "4F00EA91CEF365DF3E82709F" = { "isa" = "PBXContainerItemProxy"; "containerPortal" = "98F54143AB4E86B28C3AFEE0"; "proxyType" = "1"; "remoteGlobalIDString" = "874E7FD7A39CF1D6319F589D"; "remoteInfo" = "Rescue"; }; "0BCA51E1F003D70D227095A3" = { "isa" = "PBXTargetDependency"; "target" = "874E7FD7A39CF1D6319F589D"; "targetProxy" = "4F00EA91CEF365DF3E82709F"; }; "210A3F30B228D02E5F188D53" = { "isa" = "PBXNativeTarget"; "buildConfigurationList" = "13676B048752DD2A1E46309A"; "buildPhases" = ( "2BCD2E529C050E9E3EA60814", "A2CD8AEBFA2B4D428B15EDF7", "B95A5431345B2E85A778E27D", ); "buildRules" = (); "dependencies" = ( "0BCA51E1F003D70D227095A3", ); "name" = "RescueTests"; "productName" = "RescueTests"; "productReference" = "FD2211A188B4D52B69DCF468"; "productType" = "com.apple.product-type.bundle.unit-test"; }; "182C1FAB97C24F1A397E4984" = { "isa" = "PBXFileReference"; "lastKnownFileType" = "sourcecode.swift"; "path" = "Tests/RescueUITests/RescueUITests.swift"; "sourceTree" = "<group>"; }; "7AA5155B02DC29C777489835" = { "isa" = "PBXBuildFile"; "fileRef" = "182C1FAB97C24F1A397E4984"; }; "166617445687A617D4137235" = { "isa" = "PBXSourcesBuildPhase"; "buildActionMask" = "2147483647"; "files" = ( "7AA5155B02DC29C777489835", ); "runOnlyForDeploymentPostprocessing" = "0"; }; "55622B9DE80FFDA5E4D157D6" = { "isa" = "PBXResourcesBuildPhase"; "buildActionMask" = "2147483647"; "files" = (); "runOnlyForDeploymentPostprocessing" = "0"; }; "26D81240232BD4B97A536214" = { "isa" = "PBXFrameworksBuildPhase"; "buildActionMask" = "2147483647"; "files" = (); "runOnlyForDeploymentPostprocessing" = "0"; }; "513DE63E73EB8230187F293F" = { "isa" = "PBXFileReference"; "explicitFileType" = "wrapper.cfbundle"; "includeInIndex" = "0"; "path" = "RescueUITests.xctest"; "sourceTree" = "BUILT_PRODUCTS_DIR"; }; "D6530E1D2FE6D47E3DAC9DE3" = { "isa" = "XCBuildConfiguration"; "buildSettings" = { "PRODUCT_NAME" = "$(TARGET_NAME)"; "PRODUCT_BUNDLE_IDENTIFIER" = "com.mhacks.rescue.ui"; "SWIFT_VERSION" = "5.0"; "IPHONEOS_DEPLOYMENT_TARGET" = "17.0"; "TARGETED_DEVICE_FAMILY" = "1"; "GENERATE_INFOPLIST_FILE" = "YES"; "CODE_SIGN_STYLE" = "Automatic"; "SUPPORTED_PLATFORMS" = "iphoneos iphonesimulator"; "SWIFT_OPTIMIZATION_LEVEL" = "-Onone"; "ENABLE_TESTABILITY" = "YES"; "SWIFT_EMIT_LOC_STRINGS" = "YES"; "LD_RUNPATH_SEARCH_PATHS" = ( "$(inherited)", "@executable_path/Frameworks", ); "TEST_TARGET_NAME" = "Rescue"; }; "name" = "Debug"; }; "3C039EC1992435AFF8C2B1AC" = { "isa" = "XCBuildConfiguration"; "buildSettings" = { "PRODUCT_NAME" = "$(TARGET_NAME)"; "PRODUCT_BUNDLE_IDENTIFIER" = "com.mhacks.rescue.ui"; "SWIFT_VERSION" = "5.0"; "IPHONEOS_DEPLOYMENT_TARGET" = "17.0"; "TARGETED_DEVICE_FAMILY" = "1"; "GENERATE_INFOPLIST_FILE" = "YES"; "CODE_SIGN_STYLE" = "Automatic"; "SUPPORTED_PLATFORMS" = "iphoneos iphonesimulator"; "SWIFT_OPTIMIZATION_LEVEL" = "-O"; "ENABLE_TESTABILITY" = "NO"; "SWIFT_EMIT_LOC_STRINGS" = "YES"; "LD_RUNPATH_SEARCH_PATHS" = ( "$(inherited)", "@executable_path/Frameworks", ); "TEST_TARGET_NAME" = "Rescue"; }; "name" = "Release"; }; "558BF84F24778F3A2BC03138" = { "isa" = "XCConfigurationList"; "buildConfigurations" = ( "D6530E1D2FE6D47E3DAC9DE3", "3C039EC1992435AFF8C2B1AC", ); "defaultConfigurationIsVisible" = "0"; "defaultConfigurationName" = "Release"; }; "9D88EB1A8CB285A2C2777B84" = { "isa" = "PBXContainerItemProxy"; "containerPortal" = "98F54143AB4E86B28C3AFEE0"; "proxyType" = "1"; "remoteGlobalIDString" = "874E7FD7A39CF1D6319F589D"; "remoteInfo" = "Rescue"; }; "8311ED713D1879C5DA079EA5" = { "isa" = "PBXTargetDependency"; "target" = "874E7FD7A39CF1D6319F589D"; "targetProxy" = "9D88EB1A8CB285A2C2777B84"; }; "F035B8DB8ABAC0B522AA261C" = { "isa" = "PBXNativeTarget"; "buildConfigurationList" = "558BF84F24778F3A2BC03138"; "buildPhases" = ( "166617445687A617D4137235", "26D81240232BD4B97A536214", "55622B9DE80FFDA5E4D157D6", ); "buildRules" = (); "dependencies" = ( "8311ED713D1879C5DA079EA5", ); "name" = "RescueUITests"; "productName" = "RescueUITests"; "productReference" = "513DE63E73EB8230187F293F"; "productType" = "com.apple.product-type.bundle.ui-testing"; }; "D1A18C0BF4EA7BD39587F510" = { "isa" = "PBXFileReference"; "lastKnownFileType" = "net.daringfireball.markdown"; "path" = "DESIGN.md"; "sourceTree" = "<group>"; }; "B7E3F837FACB4BA3B2626B8C" = { "isa" = "PBXFileReference"; "lastKnownFileType" = "net.daringfireball.markdown"; "path" = "ARCHITECTURE.md"; "sourceTree" = "<group>"; }; "3B4DC8A857B51F55B3E78353" = { "isa" = "PBXFileReference"; "lastKnownFileType" = "net.daringfireball.markdown"; "path" = "AGENTS.md"; "sourceTree" = "<group>"; }; "043C83D54CC7C2C8C4844B2F" = { "isa" = "PBXFileReference"; "lastKnownFileType" = "net.daringfireball.markdown"; "path" = "README.md"; "sourceTree" = "<group>"; }; "FBDC4F23F93125BBEEAE800C" = { "isa" = "PBXGroup"; "children" = ( "36992FD9EFCC35941EC8F506", "FD2211A188B4D52B69DCF468", "513DE63E73EB8230187F293F", ); "name" = "Products"; "sourceTree" = "<group>"; }; "42944EBC669F21BC22392EB5" = { "isa" = "PBXGroup"; "children" = ( "B6B9FC273E1188A45C4C803F", "53C46026B6AF8BEF10C89C91", "1730F2BCF408B0CC55B193BD", "B9374B499149EF8055DD0F6C", "7E5D4739D1918898FACE2DAE", "8AF06AF3883210B656C6BDD2", "34FE6C37D8B33AED2C1881BE", "4975E63A55B4D26592A12ED9", "3DA369F28F3941CE2F0E0787", "23A3FAC5F9FA0DC4BF4F355D", "47F5BF249066C5476D097E3B", "C6AA3CF739E7655E01B90433", "A573701DB5474BACC122934D", "4F5D6258807EB36599358F68", "0F536F3BA2588786A0F486A5", "B088665CEB640737687CFF4D", "2F926A721C578782C5D74A22", "915F3C5FFB9A95A00758AF7B", "AAA76B5938D076247C1477C7", "B4F8F0B184CE45A032EB7257", "AB39EC9F6C1B2051F7157003", "A35CE61C4A96E918D4A64A75", "00D1ED4BF45790AA11E842EA", "3685E330EC5277A9DD5661C6", "C0E115B75A394756E53351AA", "A99F6DA5B54B03B12ACA808B", "182C1FAB97C24F1A397E4984", "D1A18C0BF4EA7BD39587F510", "B7E3F837FACB4BA3B2626B8C", "3B4DC8A857B51F55B3E78353", "043C83D54CC7C2C8C4844B2F", "FBDC4F23F93125BBEEAE800C", ); "sourceTree" = "<group>"; }; "7FF1594F02A39252B36C2788" = { "isa" = "XCBuildConfiguration"; "buildSettings" = { "SDKROOT" = "iphoneos"; "CLANG_ENABLE_MODULES" = "YES"; "CLANG_ENABLE_OBJC_ARC" = "YES"; "DEBUG_INFORMATION_FORMAT" = "dwarf"; "GCC_C_LANGUAGE_STANDARD" = "gnu17"; "GCC_PREPROCESSOR_DEFINITIONS" = ( "DEBUG=1", "$(inherited)", ); "SWIFT_VERSION" = "5.0"; "IPHONEOS_DEPLOYMENT_TARGET" = "17.0"; }; "name" = "Debug"; }; "8AF42D9F8E598D010F7434BA" = { "isa" = "XCBuildConfiguration"; "buildSettings" = { "SDKROOT" = "iphoneos"; "CLANG_ENABLE_MODULES" = "YES"; "CLANG_ENABLE_OBJC_ARC" = "YES"; "DEBUG_INFORMATION_FORMAT" = "dwarf-with-dsym"; "GCC_C_LANGUAGE_STANDARD" = "gnu17"; "GCC_PREPROCESSOR_DEFINITIONS" = ( "$(inherited)", ); "SWIFT_VERSION" = "5.0"; "IPHONEOS_DEPLOYMENT_TARGET" = "17.0"; }; "name" = "Release"; }; "640DC9EFD529235A8D9E2727" = { "isa" = "XCConfigurationList"; "buildConfigurations" = ( "7FF1594F02A39252B36C2788", "8AF42D9F8E598D010F7434BA", ); "defaultConfigurationIsVisible" = "0"; "defaultConfigurationName" = "Release"; }; "98F54143AB4E86B28C3AFEE0" = { "isa" = "PBXProject"; "attributes" = { "BuildIndependentTargetsInParallel" = "YES"; "LastUpgradeCheck" = "1640"; "TargetAttributes" = { "874E7FD7A39CF1D6319F589D" = { "CreatedOnToolsVersion" = "16.4"; }; "210A3F30B228D02E5F188D53" = { "CreatedOnToolsVersion" = "16.4"; "TestTargetID" = "874E7FD7A39CF1D6319F589D"; }; "F035B8DB8ABAC0B522AA261C" = { "CreatedOnToolsVersion" = "16.4"; "TestTargetID" = "874E7FD7A39CF1D6319F589D"; }; }; }; "buildConfigurationList" = "640DC9EFD529235A8D9E2727"; "compatibilityVersion" = "Xcode 14.0"; "developmentRegion" = "en"; "hasScannedForEncodings" = "0"; "knownRegions" = ( "en", "Base", ); "mainGroup" = "42944EBC669F21BC22392EB5"; "productRefGroup" = "FBDC4F23F93125BBEEAE800C"; "projectDirPath" = ""; "projectRoot" = ""; "targets" = ( "874E7FD7A39CF1D6319F589D", "210A3F30B228D02E5F188D53", "F035B8DB8ABAC0B522AA261C", ); }; }; "rootObject" = "98F54143AB4E86B28C3AFEE0"; }
