// !$*UTF8*$!
{
	archiveVersion = 1;
	classes = {
	};
	objectVersion = 56;
	objects = {

/* Begin PBXBuildFile section */
		006F66EF79EAEA3C42412F2D /* Tests/RescueCoreTests/OAuthTests.swift in Sources */ = {isa = PBXBuildFile; fileRef = 81AC089844C9E6DC4986A47D /* Tests/RescueCoreTests/OAuthTests.swift */; };
		109CE7E61368550CD916D14D /* Rescue/Integration/FoodScanController.swift in Sources */ = {isa = PBXBuildFile; fileRef = 5C6F1104963717D10D64F156 /* Rescue/Integration/FoodScanController.swift */; };
		11ABA7F793AFAE22F72BB98B /* Tests/RescueCoreTests/RescueCoreTests.swift in Sources */ = {isa = PBXBuildFile; fileRef = A99F6DA5B54B03B12ACA808B /* Tests/RescueCoreTests/RescueCoreTests.swift */; };
		18CC44A6D057F733DC080D5B /* Rescue/DesignSystem/Theme.swift in Sources */ = {isa = PBXBuildFile; fileRef = C6AA3CF739E7655E01B90433 /* Rescue/DesignSystem/Theme.swift */; };
		247016FA064BD76AA6252B93 /* Rescue/Integration/OAuthSignIn.swift in Sources */ = {isa = PBXBuildFile; fileRef = E1FA02D38AAFFB44924D7F0F /* Rescue/Integration/OAuthSignIn.swift */; };
		3610CEFD91FC8BBEA5D6D0A0 /* Rescue/Features/ScanView.swift in Sources */ = {isa = PBXBuildFile; fileRef = 94F36F78EA9990F757D3D994 /* Rescue/Features/ScanView.swift */; };
		376C5489CD65160D195FFAA5 /* Sources/RescueCore/DemoService.swift in Sources */ = {isa = PBXBuildFile; fileRef = 53C46026B6AF8BEF10C89C91 /* Sources/RescueCore/DemoService.swift */; };
		3DD78B9800CACC9675CE8ED2 /* Rescue/Features/LocationPickerView.swift in Sources */ = {isa = PBXBuildFile; fileRef = 7325A12805DED1AC55D94AEB /* Rescue/Features/LocationPickerView.swift */; };
		48CA44B89E771D32A5573467 /* Rescue/Features/WelcomeView.swift in Sources */ = {isa = PBXBuildFile; fileRef = C49050BA44F98C5B4F6BCC09 /* Rescue/Features/WelcomeView.swift */; };
		4C962404C408EF92A3CE1EE5 /* Sources/RescueCore/MockCatalog.swift in Sources */ = {isa = PBXBuildFile; fileRef = B9374B499149EF8055DD0F6C /* Sources/RescueCore/MockCatalog.swift */; };
		58768DC72646AA30EAC8E124 /* Tests/RescueCoreTests/ClimateBluetoothTests.swift in Sources */ = {isa = PBXBuildFile; fileRef = EF6A1A5A7078AE499C3A57D7 /* Tests/RescueCoreTests/ClimateBluetoothTests.swift */; };
		5C2872212F3EDA33D433C216 /* Sources/RescueCore/AppStore.swift in Sources */ = {isa = PBXBuildFile; fileRef = B6B9FC273E1188A45C4C803F /* Sources/RescueCore/AppStore.swift */; };
		635551FA999840B2318A438A /* Sources/RescueCore/PickupPlanner.swift in Sources */ = {isa = PBXBuildFile; fileRef = 8AF06AF3883210B656C6BDD2 /* Sources/RescueCore/PickupPlanner.swift */; };
		636DA1F3799BA504B11118B8 /* Sources/RescueCore/ClimateBluetooth.swift in Sources */ = {isa = PBXBuildFile; fileRef = 1F32870DF2C89856B99951E3 /* Sources/RescueCore/ClimateBluetooth.swift */; };
		66C19FFB27078746FBA10BA5 /* Sources/RescueCore/Repository.swift in Sources */ = {isa = PBXBuildFile; fileRef = 34FE6C37D8B33AED2C1881BE /* Sources/RescueCore/Repository.swift */; };
		781A50AD821A5353454C7351 /* Rescue/Integration/ImagePipeline.swift in Sources */ = {isa = PBXBuildFile; fileRef = AB39EC9F6C1B2051F7157003 /* Rescue/Integration/ImagePipeline.swift */; };
		7A1AECFC2BCDC196BD5D4D2D /* Sources/RescueCore/OAuthProtocol.swift in Sources */ = {isa = PBXBuildFile; fileRef = 160E34106E5B92E0CC155A01 /* Sources/RescueCore/OAuthProtocol.swift */; };
		7AA5155B02DC29C777489835 /* Tests/RescueUITests/RescueUITests.swift in Sources */ = {isa = PBXBuildFile; fileRef = 182C1FAB97C24F1A397E4984 /* Tests/RescueUITests/RescueUITests.swift */; };
		7D231C6058EFC147B748EE37 /* Sources/RescueCore/HTTPRepository.swift in Sources */ = {isa = PBXBuildFile; fileRef = 1730F2BCF408B0CC55B193BD /* Sources/RescueCore/HTTPRepository.swift */; };
		877257B4F6B0EA46F0648C36 /* Sources/RescueCore/FoodInventory.swift in Sources */ = {isa = PBXBuildFile; fileRef = A137D10F424877C5DD6FC273 /* Sources/RescueCore/FoodInventory.swift */; };
		90C2F306989493E8F7A762F4 /* Rescue/Features/MessagesView.swift in Sources */ = {isa = PBXBuildFile; fileRef = B088665CEB640737687CFF4D /* Rescue/Features/MessagesView.swift */; };
		95AAB10AD3A3FC56E7B95B57 /* Sources/RescueCore/Models.swift in Sources */ = {isa = PBXBuildFile; fileRef = 7E5D4739D1918898FACE2DAE /* Sources/RescueCore/Models.swift */; };
		A3E04ED73AAD00A725E121A8 /* Rescue/App/RescueApp.swift in Sources */ = {isa = PBXBuildFile; fileRef = 3DA369F28F3941CE2F0E0787 /* Rescue/App/RescueApp.swift */; };
		AA4C067AD3D8E55B1D3B4B80 /* Rescue/Integration/SessionController.swift in Sources */ = {isa = PBXBuildFile; fileRef = 00D1ED4BF45790AA11E842EA /* Rescue/Integration/SessionController.swift */; };
		ACB930C30DC6550CEDB551C0 /* Rescue/Integration/SellDraft.swift in Sources */ = {isa = PBXBuildFile; fileRef = A35CE61C4A96E918D4A64A75 /* Rescue/Integration/SellDraft.swift */; };
		BD8C768FF40506D5E73B0AE7 /* Rescue/Features/PickupFlowView.swift in Sources */ = {isa = PBXBuildFile; fileRef = 2F926A721C578782C5D74A22 /* Rescue/Features/PickupFlowView.swift */; };
		C5EDACF0166ECA06949080C7 /* Rescue/Features/MarketplaceMapView.swift in Sources */ = {isa = PBXBuildFile; fileRef = 0F536F3BA2588786A0F486A5 /* Rescue/Features/MarketplaceMapView.swift */; };
		C7D964E379425604CD8CE807 /* Rescue/Components/SharedComponents.swift in Sources */ = {isa = PBXBuildFile; fileRef = 47F5BF249066C5476D097E3B /* Rescue/Components/SharedComponents.swift */; };
		CAC8437C459D78345F115A2F /* Rescue/Features/ListingDetailView.swift in Sources */ = {isa = PBXBuildFile; fileRef = 4F5D6258807EB36599358F68 /* Rescue/Features/ListingDetailView.swift */; };
		CE87A0A7D8E26877866F4ECF /* Rescue/Components/RescueMap.swift in Sources */ = {isa = PBXBuildFile; fileRef = 23A3FAC5F9FA0DC4BF4F355D /* Rescue/Components/RescueMap.swift */; };
		D389A4B01A9B001A6481D83C /* Rescue/Integration/LocationController.swift in Sources */ = {isa = PBXBuildFile; fileRef = 54B4B1E68C8620FC981CF287 /* Rescue/Integration/LocationController.swift */; };
		DA2D116FB5F20391E863EFE3 /* Rescue/Features/DiscoverView.swift in Sources */ = {isa = PBXBuildFile; fileRef = A573701DB5474BACC122934D /* Rescue/Features/DiscoverView.swift */; };
		DFEFABD98B81516FEBD69C1A /* Rescue/Features/SearchAndFilters.swift in Sources */ = {isa = PBXBuildFile; fileRef = AAA76B5938D076247C1477C7 /* Rescue/Features/SearchAndFilters.swift */; };
		E2B63D34C2B4142A5F189C76 /* Tests/RescueCoreTests/FoodInventoryTests.swift in Sources */ = {isa = PBXBuildFile; fileRef = B8D228A081A03E9428D89ED5 /* Tests/RescueCoreTests/FoodInventoryTests.swift */; };
		E524F4A00A01BF0F88069AAE /* Tests/RescueCoreTests/BackendTests.swift in Sources */ = {isa = PBXBuildFile; fileRef = C0E115B75A394756E53351AA /* Tests/RescueCoreTests/BackendTests.swift */; };
		F0C3048B9C4C204F3473B058 /* Rescue/Resources/Assets.xcassets in Resources */ = {isa = PBXBuildFile; fileRef = 3685E330EC5277A9DD5661C6 /* Rescue/Resources/Assets.xcassets */; };
		F71CDAE79045AA470E55CF25 /* Rescue/App/AppRouter.swift in Sources */ = {isa = PBXBuildFile; fileRef = 4975E63A55B4D26592A12ED9 /* Rescue/App/AppRouter.swift */; };
		FD84BBA47B72002D7754A4D5 /* Rescue/Features/ProfileView.swift in Sources */ = {isa = PBXBuildFile; fileRef = 915F3C5FFB9A95A00758AF7B /* Rescue/Features/ProfileView.swift */; };
/* End PBXBuildFile section */

/* Begin PBXContainerItemProxy section */
		4F00EA91CEF365DF3E82709F /* PBXContainerItemProxy */ = {
			isa = PBXContainerItemProxy;
			containerPortal = 98F54143AB4E86B28C3AFEE0 /* Project object */;
			proxyType = 1;
			remoteGlobalIDString = 874E7FD7A39CF1D6319F589D;
			remoteInfo = Rescue;
		};
		9D88EB1A8CB285A2C2777B84 /* PBXContainerItemProxy */ = {
			isa = PBXContainerItemProxy;
			containerPortal = 98F54143AB4E86B28C3AFEE0 /* Project object */;
			proxyType = 1;
			remoteGlobalIDString = 874E7FD7A39CF1D6319F589D;
			remoteInfo = Rescue;
		};
/* End PBXContainerItemProxy section */

/* Begin PBXFileReference section */
		00D1ED4BF45790AA11E842EA /* Rescue/Integration/SessionController.swift */ = {isa = PBXFileReference; lastKnownFileType = sourcecode.swift; path = Rescue/Integration/SessionController.swift; sourceTree = "<group>"; };
		043C83D54CC7C2C8C4844B2F /* README.md */ = {isa = PBXFileReference; lastKnownFileType = net.daringfireball.markdown; path = README.md; sourceTree = "<group>"; };
		0F536F3BA2588786A0F486A5 /* Rescue/Features/MarketplaceMapView.swift */ = {isa = PBXFileReference; lastKnownFileType = sourcecode.swift; path = Rescue/Features/MarketplaceMapView.swift; sourceTree = "<group>"; };
		160E34106E5B92E0CC155A01 /* Sources/RescueCore/OAuthProtocol.swift */ = {isa = PBXFileReference; lastKnownFileType = sourcecode.swift; path = Sources/RescueCore/OAuthProtocol.swift; sourceTree = "<group>"; };
		1730F2BCF408B0CC55B193BD /* Sources/RescueCore/HTTPRepository.swift */ = {isa = PBXFileReference; lastKnownFileType = sourcecode.swift; path = Sources/RescueCore/HTTPRepository.swift; sourceTree = "<group>"; };
		182C1FAB97C24F1A397E4984 /* Tests/RescueUITests/RescueUITests.swift */ = {isa = PBXFileReference; lastKnownFileType = sourcecode.swift; path = Tests/RescueUITests/RescueUITests.swift; sourceTree = "<group>"; };
		1F32870DF2C89856B99951E3 /* Sources/RescueCore/ClimateBluetooth.swift */ = {isa = PBXFileReference; lastKnownFileType = sourcecode.swift; path = Sources/RescueCore/ClimateBluetooth.swift; sourceTree = "<group>"; };
		23A3FAC5F9FA0DC4BF4F355D /* Rescue/Components/RescueMap.swift */ = {isa = PBXFileReference; lastKnownFileType = sourcecode.swift; path = Rescue/Components/RescueMap.swift; sourceTree = "<group>"; };
		2F926A721C578782C5D74A22 /* Rescue/Features/PickupFlowView.swift */ = {isa = PBXFileReference; lastKnownFileType = sourcecode.swift; path = Rescue/Features/PickupFlowView.swift; sourceTree = "<group>"; };
		34FE6C37D8B33AED2C1881BE /* Sources/RescueCore/Repository.swift */ = {isa = PBXFileReference; lastKnownFileType = sourcecode.swift; path = Sources/RescueCore/Repository.swift; sourceTree = "<group>"; };
		3685E330EC5277A9DD5661C6 /* Rescue/Resources/Assets.xcassets */ = {isa = PBXFileReference; lastKnownFileType = folder.assetcatalog; path = Rescue/Resources/Assets.xcassets; sourceTree = "<group>"; };
		36992FD9EFCC35941EC8F506 /* Rescue.app */ = {isa = PBXFileReference; explicitFileType = wrapper.application; includeInIndex = 0; path = Rescue.app; sourceTree = BUILT_PRODUCTS_DIR; };
		3B4DC8A857B51F55B3E78353 /* AGENTS.md */ = {isa = PBXFileReference; lastKnownFileType = net.daringfireball.markdown; path = AGENTS.md; sourceTree = "<group>"; };
		3DA369F28F3941CE2F0E0787 /* Rescue/App/RescueApp.swift */ = {isa = PBXFileReference; lastKnownFileType = sourcecode.swift; path = Rescue/App/RescueApp.swift; sourceTree = "<group>"; };
		47F5BF249066C5476D097E3B /* Rescue/Components/SharedComponents.swift */ = {isa = PBXFileReference; lastKnownFileType = sourcecode.swift; path = Rescue/Components/SharedComponents.swift; sourceTree = "<group>"; };
		4975E63A55B4D26592A12ED9 /* Rescue/App/AppRouter.swift */ = {isa = PBXFileReference; lastKnownFileType = sourcecode.swift; path = Rescue/App/AppRouter.swift; sourceTree = "<group>"; };
		4F5D6258807EB36599358F68 /* Rescue/Features/ListingDetailView.swift */ = {isa = PBXFileReference; lastKnownFileType = sourcecode.swift; path = Rescue/Features/ListingDetailView.swift; sourceTree = "<group>"; };
		513DE63E73EB8230187F293F /* RescueUITests.xctest */ = {isa = PBXFileReference; explicitFileType = wrapper.cfbundle; includeInIndex = 0; path = RescueUITests.xctest; sourceTree = BUILT_PRODUCTS_DIR; };
		53C46026B6AF8BEF10C89C91 /* Sources/RescueCore/DemoService.swift */ = {isa = PBXFileReference; lastKnownFileType = sourcecode.swift; path = Sources/RescueCore/DemoService.swift; sourceTree = "<group>"; };
		54B4B1E68C8620FC981CF287 /* Rescue/Integration/LocationController.swift */ = {isa = PBXFileReference; lastKnownFileType = sourcecode.swift; path = Rescue/Integration/LocationController.swift; sourceTree = "<group>"; };
		5C6F1104963717D10D64F156 /* Rescue/Integration/FoodScanController.swift */ = {isa = PBXFileReference; lastKnownFileType = sourcecode.swift; path = Rescue/Integration/FoodScanController.swift; sourceTree = "<group>"; };
		7325A12805DED1AC55D94AEB /* Rescue/Features/LocationPickerView.swift */ = {isa = PBXFileReference; lastKnownFileType = sourcecode.swift; path = Rescue/Features/LocationPickerView.swift; sourceTree = "<group>"; };
		7E5D4739D1918898FACE2DAE /* Sources/RescueCore/Models.swift */ = {isa = PBXFileReference; lastKnownFileType = sourcecode.swift; path = Sources/RescueCore/Models.swift; sourceTree = "<group>"; };
		81AC089844C9E6DC4986A47D /* Tests/RescueCoreTests/OAuthTests.swift */ = {isa = PBXFileReference; lastKnownFileType = sourcecode.swift; path = Tests/RescueCoreTests/OAuthTests.swift; sourceTree = "<group>"; };
		8AF06AF3883210B656C6BDD2 /* Sources/RescueCore/PickupPlanner.swift */ = {isa = PBXFileReference; lastKnownFileType = sourcecode.swift; path = Sources/RescueCore/PickupPlanner.swift; sourceTree = "<group>"; };
		915F3C5FFB9A95A00758AF7B /* Rescue/Features/ProfileView.swift */ = {isa = PBXFileReference; lastKnownFileType = sourcecode.swift; path = Rescue/Features/ProfileView.swift; sourceTree = "<group>"; };
		94F36F78EA9990F757D3D994 /* Rescue/Features/ScanView.swift */ = {isa = PBXFileReference; lastKnownFileType = sourcecode.swift; path = Rescue/Features/ScanView.swift; sourceTree = "<group>"; };
		A137D10F424877C5DD6FC273 /* Sources/RescueCore/FoodInventory.swift */ = {isa = PBXFileReference; lastKnownFileType = sourcecode.swift; path = Sources/RescueCore/FoodInventory.swift; sourceTree = "<group>"; };
		A35CE61C4A96E918D4A64A75 /* Rescue/Integration/SellDraft.swift */ = {isa = PBXFileReference; lastKnownFileType = sourcecode.swift; path = Rescue/Integration/SellDraft.swift; sourceTree = "<group>"; };
		A573701DB5474BACC122934D /* Rescue/Features/DiscoverView.swift */ = {isa = PBXFileReference; lastKnownFileType = sourcecode.swift; path = Rescue/Features/DiscoverView.swift; sourceTree = "<group>"; };
		A99F6DA5B54B03B12ACA808B /* Tests/RescueCoreTests/RescueCoreTests.swift */ = {isa = PBXFileReference; lastKnownFileType = sourcecode.swift; path = Tests/RescueCoreTests/RescueCoreTests.swift; sourceTree = "<group>"; };
		AAA76B5938D076247C1477C7 /* Rescue/Features/SearchAndFilters.swift */ = {isa = PBXFileReference; lastKnownFileType = sourcecode.swift; path = Rescue/Features/SearchAndFilters.swift; sourceTree = "<group>"; };
		AB39EC9F6C1B2051F7157003 /* Rescue/Integration/ImagePipeline.swift */ = {isa = PBXFileReference; lastKnownFileType = sourcecode.swift; path = Rescue/Integration/ImagePipeline.swift; sourceTree = "<group>"; };
		B088665CEB640737687CFF4D /* Rescue/Features/MessagesView.swift */ = {isa = PBXFileReference; lastKnownFileType = sourcecode.swift; path = Rescue/Features/MessagesView.swift; sourceTree = "<group>"; };
		B6B9FC273E1188A45C4C803F /* Sources/RescueCore/AppStore.swift */ = {isa = PBXFileReference; lastKnownFileType = sourcecode.swift; path = Sources/RescueCore/AppStore.swift; sourceTree = "<group>"; };
		B7E3F837FACB4BA3B2626B8C /* ARCHITECTURE.md */ = {isa = PBXFileReference; lastKnownFileType = net.daringfireball.markdown; path = ARCHITECTURE.md; sourceTree = "<group>"; };
		B8D228A081A03E9428D89ED5 /* Tests/RescueCoreTests/FoodInventoryTests.swift */ = {isa = PBXFileReference; lastKnownFileType = sourcecode.swift; path = Tests/RescueCoreTests/FoodInventoryTests.swift; sourceTree = "<group>"; };
		B9374B499149EF8055DD0F6C /* Sources/RescueCore/MockCatalog.swift */ = {isa = PBXFileReference; lastKnownFileType = sourcecode.swift; path = Sources/RescueCore/MockCatalog.swift; sourceTree = "<group>"; };
		C0E115B75A394756E53351AA /* Tests/RescueCoreTests/BackendTests.swift */ = {isa = PBXFileReference; lastKnownFileType = sourcecode.swift; path = Tests/RescueCoreTests/BackendTests.swift; sourceTree = "<group>"; };
		C49050BA44F98C5B4F6BCC09 /* Rescue/Features/WelcomeView.swift */ = {isa = PBXFileReference; lastKnownFileType = sourcecode.swift; path = Rescue/Features/WelcomeView.swift; sourceTree = "<group>"; };
		C6AA3CF739E7655E01B90433 /* Rescue/DesignSystem/Theme.swift */ = {isa = PBXFileReference; lastKnownFileType = sourcecode.swift; path = Rescue/DesignSystem/Theme.swift; sourceTree = "<group>"; };
		D1A18C0BF4EA7BD39587F510 /* DESIGN.md */ = {isa = PBXFileReference; lastKnownFileType = net.daringfireball.markdown; path = DESIGN.md; sourceTree = "<group>"; };
		E1FA02D38AAFFB44924D7F0F /* Rescue/Integration/OAuthSignIn.swift */ = {isa = PBXFileReference; lastKnownFileType = sourcecode.swift; path = Rescue/Integration/OAuthSignIn.swift; sourceTree = "<group>"; };
		EF6A1A5A7078AE499C3A57D7 /* Tests/RescueCoreTests/ClimateBluetoothTests.swift */ = {isa = PBXFileReference; lastKnownFileType = sourcecode.swift; path = Tests/RescueCoreTests/ClimateBluetoothTests.swift; sourceTree = "<group>"; };
		FD2211A188B4D52B69DCF468 /* RescueTests.xctest */ = {isa = PBXFileReference; explicitFileType = wrapper.cfbundle; includeInIndex = 0; path = RescueTests.xctest; sourceTree = BUILT_PRODUCTS_DIR; };
/* End PBXFileReference section */

/* Begin PBXFrameworksBuildPhase section */
		26D81240232BD4B97A536214 /* Frameworks */ = {
			isa = PBXFrameworksBuildPhase;
			buildActionMask = 2147483647;
			files = (
			);
			runOnlyForDeploymentPostprocessing = 0;
		};
		A2CD8AEBFA2B4D428B15EDF7 /* Frameworks */ = {
			isa = PBXFrameworksBuildPhase;
			buildActionMask = 2147483647;
			files = (
			);
			runOnlyForDeploymentPostprocessing = 0;
		};
		DDB3198578B4D38CFC5DEF04 /* Frameworks */ = {
			isa = PBXFrameworksBuildPhase;
			buildActionMask = 2147483647;
			files = (
			);
			runOnlyForDeploymentPostprocessing = 0;
		};
/* End PBXFrameworksBuildPhase section */

/* Begin PBXGroup section */
		42944EBC669F21BC22392EB5 = {
			isa = PBXGroup;
			children = (
				B6B9FC273E1188A45C4C803F /* Sources/RescueCore/AppStore.swift */,
				1F32870DF2C89856B99951E3 /* Sources/RescueCore/ClimateBluetooth.swift */,
				53C46026B6AF8BEF10C89C91 /* Sources/RescueCore/DemoService.swift */,
				A137D10F424877C5DD6FC273 /* Sources/RescueCore/FoodInventory.swift */,
				1730F2BCF408B0CC55B193BD /* Sources/RescueCore/HTTPRepository.swift */,
				B9374B499149EF8055DD0F6C /* Sources/RescueCore/MockCatalog.swift */,
				7E5D4739D1918898FACE2DAE /* Sources/RescueCore/Models.swift */,
				160E34106E5B92E0CC155A01 /* Sources/RescueCore/OAuthProtocol.swift */,
				8AF06AF3883210B656C6BDD2 /* Sources/RescueCore/PickupPlanner.swift */,
				34FE6C37D8B33AED2C1881BE /* Sources/RescueCore/Repository.swift */,
				4975E63A55B4D26592A12ED9 /* Rescue/App/AppRouter.swift */,
				3DA369F28F3941CE2F0E0787 /* Rescue/App/RescueApp.swift */,
				23A3FAC5F9FA0DC4BF4F355D /* Rescue/Components/RescueMap.swift */,
				47F5BF249066C5476D097E3B /* Rescue/Components/SharedComponents.swift */,
				C6AA3CF739E7655E01B90433 /* Rescue/DesignSystem/Theme.swift */,
				A573701DB5474BACC122934D /* Rescue/Features/DiscoverView.swift */,
				4F5D6258807EB36599358F68 /* Rescue/Features/ListingDetailView.swift */,
				7325A12805DED1AC55D94AEB /* Rescue/Features/LocationPickerView.swift */,
				0F536F3BA2588786A0F486A5 /* Rescue/Features/MarketplaceMapView.swift */,
				B088665CEB640737687CFF4D /* Rescue/Features/MessagesView.swift */,
				2F926A721C578782C5D74A22 /* Rescue/Features/PickupFlowView.swift */,
				915F3C5FFB9A95A00758AF7B /* Rescue/Features/ProfileView.swift */,
				94F36F78EA9990F757D3D994 /* Rescue/Features/ScanView.swift */,
				AAA76B5938D076247C1477C7 /* Rescue/Features/SearchAndFilters.swift */,
				C49050BA44F98C5B4F6BCC09 /* Rescue/Features/WelcomeView.swift */,
				5C6F1104963717D10D64F156 /* Rescue/Integration/FoodScanController.swift */,
				AB39EC9F6C1B2051F7157003 /* Rescue/Integration/ImagePipeline.swift */,
				54B4B1E68C8620FC981CF287 /* Rescue/Integration/LocationController.swift */,
				E1FA02D38AAFFB44924D7F0F /* Rescue/Integration/OAuthSignIn.swift */,
				A35CE61C4A96E918D4A64A75 /* Rescue/Integration/SellDraft.swift */,
				00D1ED4BF45790AA11E842EA /* Rescue/Integration/SessionController.swift */,
				3685E330EC5277A9DD5661C6 /* Rescue/Resources/Assets.xcassets */,
				C0E115B75A394756E53351AA /* Tests/RescueCoreTests/BackendTests.swift */,
				EF6A1A5A7078AE499C3A57D7 /* Tests/RescueCoreTests/ClimateBluetoothTests.swift */,
				B8D228A081A03E9428D89ED5 /* Tests/RescueCoreTests/FoodInventoryTests.swift */,
				81AC089844C9E6DC4986A47D /* Tests/RescueCoreTests/OAuthTests.swift */,
				A99F6DA5B54B03B12ACA808B /* Tests/RescueCoreTests/RescueCoreTests.swift */,
				182C1FAB97C24F1A397E4984 /* Tests/RescueUITests/RescueUITests.swift */,
				D1A18C0BF4EA7BD39587F510 /* DESIGN.md */,
				B7E3F837FACB4BA3B2626B8C /* ARCHITECTURE.md */,
				3B4DC8A857B51F55B3E78353 /* AGENTS.md */,
				043C83D54CC7C2C8C4844B2F /* README.md */,
				FBDC4F23F93125BBEEAE800C /* Products */,
			);
			sourceTree = "<group>";
		};
		FBDC4F23F93125BBEEAE800C /* Products */ = {
			isa = PBXGroup;
			children = (
				36992FD9EFCC35941EC8F506 /* Rescue.app */,
				FD2211A188B4D52B69DCF468 /* RescueTests.xctest */,
				513DE63E73EB8230187F293F /* RescueUITests.xctest */,
			);
			name = Products;
			sourceTree = "<group>";
		};
/* End PBXGroup section */

/* Begin PBXNativeTarget section */
		210A3F30B228D02E5F188D53 /* RescueTests */ = {
			isa = PBXNativeTarget;
			buildConfigurationList = 13676B048752DD2A1E46309A /* Build configuration list for PBXNativeTarget "RescueTests" */;
			buildPhases = (
				2BCD2E529C050E9E3EA60814 /* Sources */,
				A2CD8AEBFA2B4D428B15EDF7 /* Frameworks */,
				B95A5431345B2E85A778E27D /* Resources */,
			);
			buildRules = (
			);
			dependencies = (
				0BCA51E1F003D70D227095A3 /* PBXTargetDependency */,
			);
			name = RescueTests;
			productName = RescueTests;
			productReference = FD2211A188B4D52B69DCF468 /* RescueTests.xctest */;
			productType = "com.apple.product-type.bundle.unit-test";
		};
		874E7FD7A39CF1D6319F589D /* Rescue */ = {
			isa = PBXNativeTarget;
			buildConfigurationList = 76332E4305D08681548684E4 /* Build configuration list for PBXNativeTarget "Rescue" */;
			buildPhases = (
				84043571F36849280E771A0C /* Sources */,
				DDB3198578B4D38CFC5DEF04 /* Frameworks */,
				71D1C79D1D6069A1CF33F9DD /* Resources */,
			);
			buildRules = (
			);
			dependencies = (
			);
			name = Rescue;
			productName = Rescue;
			productReference = 36992FD9EFCC35941EC8F506 /* Rescue.app */;
			productType = "com.apple.product-type.application";
		};
		F035B8DB8ABAC0B522AA261C /* RescueUITests */ = {
			isa = PBXNativeTarget;
			buildConfigurationList = 558BF84F24778F3A2BC03138 /* Build configuration list for PBXNativeTarget "RescueUITests" */;
			buildPhases = (
				166617445687A617D4137235 /* Sources */,
				26D81240232BD4B97A536214 /* Frameworks */,
				55622B9DE80FFDA5E4D157D6 /* Resources */,
			);
			buildRules = (
			);
			dependencies = (
				8311ED713D1879C5DA079EA5 /* PBXTargetDependency */,
			);
			name = RescueUITests;
			productName = RescueUITests;
			productReference = 513DE63E73EB8230187F293F /* RescueUITests.xctest */;
			productType = "com.apple.product-type.bundle.ui-testing";
		};
/* End PBXNativeTarget section */

/* Begin PBXProject section */
		98F54143AB4E86B28C3AFEE0 /* Project object */ = {
			isa = PBXProject;
			attributes = {
				BuildIndependentTargetsInParallel = YES;
				LastUpgradeCheck = 1640;
				TargetAttributes = {
					210A3F30B228D02E5F188D53 = {
						CreatedOnToolsVersion = 16.4;
						TestTargetID = 874E7FD7A39CF1D6319F589D;
					};
					874E7FD7A39CF1D6319F589D = {
						CreatedOnToolsVersion = 16.4;
					};
					F035B8DB8ABAC0B522AA261C = {
						CreatedOnToolsVersion = 16.4;
						TestTargetID = 874E7FD7A39CF1D6319F589D;
					};
				};
			};
			buildConfigurationList = 640DC9EFD529235A8D9E2727 /* Build configuration list for PBXProject "Rescue" */;
			compatibilityVersion = "Xcode 14.0";
			developmentRegion = en;
			hasScannedForEncodings = 0;
			knownRegions = (
				en,
				Base,
			);
			mainGroup = 42944EBC669F21BC22392EB5;
			productRefGroup = FBDC4F23F93125BBEEAE800C /* Products */;
			projectDirPath = "";
			projectRoot = "";
			targets = (
				874E7FD7A39CF1D6319F589D /* Rescue */,
				210A3F30B228D02E5F188D53 /* RescueTests */,
				F035B8DB8ABAC0B522AA261C /* RescueUITests */,
			);
		};
/* End PBXProject section */

/* Begin PBXResourcesBuildPhase section */
		55622B9DE80FFDA5E4D157D6 /* Resources */ = {
			isa = PBXResourcesBuildPhase;
			buildActionMask = 2147483647;
			files = (
			);
			runOnlyForDeploymentPostprocessing = 0;
		};
		71D1C79D1D6069A1CF33F9DD /* Resources */ = {
			isa = PBXResourcesBuildPhase;
			buildActionMask = 2147483647;
			files = (
				F0C3048B9C4C204F3473B058 /* Rescue/Resources/Assets.xcassets in Resources */,
			);
			runOnlyForDeploymentPostprocessing = 0;
		};
		B95A5431345B2E85A778E27D /* Resources */ = {
			isa = PBXResourcesBuildPhase;
			buildActionMask = 2147483647;
			files = (
			);
			runOnlyForDeploymentPostprocessing = 0;
		};
/* End PBXResourcesBuildPhase section */

/* Begin PBXSourcesBuildPhase section */
		166617445687A617D4137235 /* Sources */ = {
			isa = PBXSourcesBuildPhase;
			buildActionMask = 2147483647;
			files = (
				7AA5155B02DC29C777489835 /* Tests/RescueUITests/RescueUITests.swift in Sources */,
			);
			runOnlyForDeploymentPostprocessing = 0;
		};
		2BCD2E529C050E9E3EA60814 /* Sources */ = {
			isa = PBXSourcesBuildPhase;
			buildActionMask = 2147483647;
			files = (
				E524F4A00A01BF0F88069AAE /* Tests/RescueCoreTests/BackendTests.swift in Sources */,
				58768DC72646AA30EAC8E124 /* Tests/RescueCoreTests/ClimateBluetoothTests.swift in Sources */,
				E2B63D34C2B4142A5F189C76 /* Tests/RescueCoreTests/FoodInventoryTests.swift in Sources */,
				006F66EF79EAEA3C42412F2D /* Tests/RescueCoreTests/OAuthTests.swift in Sources */,
				11ABA7F793AFAE22F72BB98B /* Tests/RescueCoreTests/RescueCoreTests.swift in Sources */,
			);
			runOnlyForDeploymentPostprocessing = 0;
		};
		84043571F36849280E771A0C /* Sources */ = {
			isa = PBXSourcesBuildPhase;
			buildActionMask = 2147483647;
			files = (
				5C2872212F3EDA33D433C216 /* Sources/RescueCore/AppStore.swift in Sources */,
				636DA1F3799BA504B11118B8 /* Sources/RescueCore/ClimateBluetooth.swift in Sources */,
				376C5489CD65160D195FFAA5 /* Sources/RescueCore/DemoService.swift in Sources */,
				877257B4F6B0EA46F0648C36 /* Sources/RescueCore/FoodInventory.swift in Sources */,
				7D231C6058EFC147B748EE37 /* Sources/RescueCore/HTTPRepository.swift in Sources */,
				4C962404C408EF92A3CE1EE5 /* Sources/RescueCore/MockCatalog.swift in Sources */,
				95AAB10AD3A3FC56E7B95B57 /* Sources/RescueCore/Models.swift in Sources */,
				7A1AECFC2BCDC196BD5D4D2D /* Sources/RescueCore/OAuthProtocol.swift in Sources */,
				635551FA999840B2318A438A /* Sources/RescueCore/PickupPlanner.swift in Sources */,
				66C19FFB27078746FBA10BA5 /* Sources/RescueCore/Repository.swift in Sources */,
				F71CDAE79045AA470E55CF25 /* Rescue/App/AppRouter.swift in Sources */,
				A3E04ED73AAD00A725E121A8 /* Rescue/App/RescueApp.swift in Sources */,
				CE87A0A7D8E26877866F4ECF /* Rescue/Components/RescueMap.swift in Sources */,
				C7D964E379425604CD8CE807 /* Rescue/Components/SharedComponents.swift in Sources */,
				18CC44A6D057F733DC080D5B /* Rescue/DesignSystem/Theme.swift in Sources */,
				DA2D116FB5F20391E863EFE3 /* Rescue/Features/DiscoverView.swift in Sources */,
				CAC8437C459D78345F115A2F /* Rescue/Features/ListingDetailView.swift in Sources */,
				3DD78B9800CACC9675CE8ED2 /* Rescue/Features/LocationPickerView.swift in Sources */,
				C5EDACF0166ECA06949080C7 /* Rescue/Features/MarketplaceMapView.swift in Sources */,
				90C2F306989493E8F7A762F4 /* Rescue/Features/MessagesView.swift in Sources */,
				BD8C768FF40506D5E73B0AE7 /* Rescue/Features/PickupFlowView.swift in Sources */,
				FD84BBA47B72002D7754A4D5 /* Rescue/Features/ProfileView.swift in Sources */,
				3610CEFD91FC8BBEA5D6D0A0 /* Rescue/Features/ScanView.swift in Sources */,
				DFEFABD98B81516FEBD69C1A /* Rescue/Features/SearchAndFilters.swift in Sources */,
				48CA44B89E771D32A5573467 /* Rescue/Features/WelcomeView.swift in Sources */,
				109CE7E61368550CD916D14D /* Rescue/Integration/FoodScanController.swift in Sources */,
				781A50AD821A5353454C7351 /* Rescue/Integration/ImagePipeline.swift in Sources */,
				D389A4B01A9B001A6481D83C /* Rescue/Integration/LocationController.swift in Sources */,
				247016FA064BD76AA6252B93 /* Rescue/Integration/OAuthSignIn.swift in Sources */,
				ACB930C30DC6550CEDB551C0 /* Rescue/Integration/SellDraft.swift in Sources */,
				AA4C067AD3D8E55B1D3B4B80 /* Rescue/Integration/SessionController.swift in Sources */,
			);
			runOnlyForDeploymentPostprocessing = 0;
		};
/* End PBXSourcesBuildPhase section */

/* Begin PBXTargetDependency section */
		0BCA51E1F003D70D227095A3 /* PBXTargetDependency */ = {
			isa = PBXTargetDependency;
			target = 874E7FD7A39CF1D6319F589D /* Rescue */;
			targetProxy = 4F00EA91CEF365DF3E82709F /* PBXContainerItemProxy */;
		};
		8311ED713D1879C5DA079EA5 /* PBXTargetDependency */ = {
			isa = PBXTargetDependency;
			target = 874E7FD7A39CF1D6319F589D /* Rescue */;
			targetProxy = 9D88EB1A8CB285A2C2777B84 /* PBXContainerItemProxy */;
		};
/* End PBXTargetDependency section */

/* Begin XCBuildConfiguration section */
		3C039EC1992435AFF8C2B1AC /* Release */ = {
			isa = XCBuildConfiguration;
			buildSettings = {
				CODE_SIGN_STYLE = Automatic;
				ENABLE_TESTABILITY = NO;
				GENERATE_INFOPLIST_FILE = YES;
				IPHONEOS_DEPLOYMENT_TARGET = 17.0;
				LD_RUNPATH_SEARCH_PATHS = (
					"$(inherited)",
					"@executable_path/Frameworks",
				);
				PRODUCT_BUNDLE_IDENTIFIER = com.mhacks.rescue.ui;
				PRODUCT_NAME = "$(TARGET_NAME)";
				SUPPORTED_PLATFORMS = "iphoneos iphonesimulator";
				SWIFT_EMIT_LOC_STRINGS = YES;
				SWIFT_OPTIMIZATION_LEVEL = "-O";
				SWIFT_VERSION = 5.0;
				TARGETED_DEVICE_FAMILY = 1;
				TEST_TARGET_NAME = Rescue;
			};
			name = Release;
		};
		76FAC1F724DD3E0B1827BAD0 /* Release */ = {
			isa = XCBuildConfiguration;
			buildSettings = {
				ASSETCATALOG_COMPILER_APPICON_NAME = AppIcon;
				ASSETCATALOG_COMPILER_GLOBAL_ACCENT_COLOR_NAME = AccentColor;
				"CODE_SIGN_ENTITLEMENTS[sdk=iphonesimulator*]" = Rescue/Resources/Simulator.entitlements;
				CODE_SIGN_STYLE = Automatic;
				DEVELOPMENT_TEAM = ULY8HZ6P9D;
				ENABLE_TESTABILITY = NO;
				GENERATE_INFOPLIST_FILE = YES;
				INFOPLIST_FILE = Rescue/Resources/Info.plist;
				INFOPLIST_KEY_CFBundleDisplayName = Gusto;
				INFOPLIST_KEY_LSApplicationCategoryType = "public.app-category.food-and-drink";
				INFOPLIST_KEY_UIApplicationSceneManifest_Generation = YES;
				INFOPLIST_KEY_UIApplicationSupportsIndirectInputEvents = YES;
				INFOPLIST_KEY_UILaunchScreen_Generation = YES;
				INFOPLIST_KEY_UISupportedInterfaceOrientations = UIInterfaceOrientationPortrait;
				IPHONEOS_DEPLOYMENT_TARGET = 17.0;
				LD_RUNPATH_SEARCH_PATHS = (
					"$(inherited)",
					"@executable_path/Frameworks",
				);
				PRODUCT_BUNDLE_IDENTIFIER = com.mhacks.rescue;
				PRODUCT_NAME = "$(TARGET_NAME)";
				SUPPORTED_PLATFORMS = "iphoneos iphonesimulator";
				SWIFT_ACTIVE_COMPILATION_CONDITIONS = "";
				SWIFT_EMIT_LOC_STRINGS = YES;
				SWIFT_OPTIMIZATION_LEVEL = "-O";
				SWIFT_VERSION = 5.0;
				TARGETED_DEVICE_FAMILY = 1;
			};
			name = Release;
		};
		7FF1594F02A39252B36C2788 /* Debug */ = {
			isa = XCBuildConfiguration;
			buildSettings = {
				CLANG_ENABLE_MODULES = YES;
				CLANG_ENABLE_OBJC_ARC = YES;
				DEBUG_INFORMATION_FORMAT = dwarf;
				GCC_C_LANGUAGE_STANDARD = gnu17;
				GCC_PREPROCESSOR_DEFINITIONS = (
					"DEBUG=1",
					"$(inherited)",
				);
				IPHONEOS_DEPLOYMENT_TARGET = 17.0;
				SDKROOT = iphoneos;
				SWIFT_VERSION = 5.0;
			};
			name = Debug;
		};
		8AF42D9F8E598D010F7434BA /* Release */ = {
			isa = XCBuildConfiguration;
			buildSettings = {
				CLANG_ENABLE_MODULES = YES;
				CLANG_ENABLE_OBJC_ARC = YES;
				DEBUG_INFORMATION_FORMAT = "dwarf-with-dsym";
				GCC_C_LANGUAGE_STANDARD = gnu17;
				GCC_PREPROCESSOR_DEFINITIONS = "$(inherited)";
				IPHONEOS_DEPLOYMENT_TARGET = 17.0;
				SDKROOT = iphoneos;
				SWIFT_VERSION = 5.0;
			};
			name = Release;
		};
		D6530E1D2FE6D47E3DAC9DE3 /* Debug */ = {
			isa = XCBuildConfiguration;
			buildSettings = {
				CODE_SIGN_STYLE = Automatic;
				ENABLE_TESTABILITY = YES;
				GENERATE_INFOPLIST_FILE = YES;
				IPHONEOS_DEPLOYMENT_TARGET = 17.0;
				LD_RUNPATH_SEARCH_PATHS = (
					"$(inherited)",
					"@executable_path/Frameworks",
				);
				PRODUCT_BUNDLE_IDENTIFIER = com.mhacks.rescue.ui;
				PRODUCT_NAME = "$(TARGET_NAME)";
				SUPPORTED_PLATFORMS = "iphoneos iphonesimulator";
				SWIFT_EMIT_LOC_STRINGS = YES;
				SWIFT_OPTIMIZATION_LEVEL = "-Onone";
				SWIFT_VERSION = 5.0;
				TARGETED_DEVICE_FAMILY = 1;
				TEST_TARGET_NAME = Rescue;
			};
			name = Debug;
		};
		F5847CED4795EF2BD9670AC6 /* Debug */ = {
			isa = XCBuildConfiguration;
			buildSettings = {
				BUNDLE_LOADER = "$(TEST_HOST)";
				CODE_SIGN_STYLE = Automatic;
				ENABLE_TESTABILITY = YES;
				GENERATE_INFOPLIST_FILE = YES;
				IPHONEOS_DEPLOYMENT_TARGET = 17.0;
				LD_RUNPATH_SEARCH_PATHS = (
					"$(inherited)",
					"@executable_path/Frameworks",
				);
				PRODUCT_BUNDLE_IDENTIFIER = com.mhacks.rescue.unit;
				PRODUCT_NAME = "$(TARGET_NAME)";
				SUPPORTED_PLATFORMS = "iphoneos iphonesimulator";
				SWIFT_EMIT_LOC_STRINGS = YES;
				SWIFT_OPTIMIZATION_LEVEL = "-Onone";
				SWIFT_VERSION = 5.0;
				TARGETED_DEVICE_FAMILY = 1;
				TEST_HOST = "$(BUILT_PRODUCTS_DIR)/Rescue.app/$(BUNDLE_EXECUTABLE_FOLDER_PATH)/Rescue";
			};
			name = Debug;
		};
		FCE43BE77BD869C904BAFA6B /* Debug */ = {
			isa = XCBuildConfiguration;
			buildSettings = {
				ASSETCATALOG_COMPILER_APPICON_NAME = AppIcon;
				ASSETCATALOG_COMPILER_GLOBAL_ACCENT_COLOR_NAME = AccentColor;
				"CODE_SIGN_ENTITLEMENTS[sdk=iphonesimulator*]" = Rescue/Resources/Simulator.entitlements;
				CODE_SIGN_STYLE = Automatic;
				DEVELOPMENT_TEAM = ULY8HZ6P9D;
				ENABLE_TESTABILITY = YES;
				GENERATE_INFOPLIST_FILE = YES;
				INFOPLIST_FILE = Rescue/Resources/Info.plist;
				INFOPLIST_KEY_CFBundleDisplayName = Gusto;
				INFOPLIST_KEY_LSApplicationCategoryType = "public.app-category.food-and-drink";
				INFOPLIST_KEY_UIApplicationSceneManifest_Generation = YES;
				INFOPLIST_KEY_UIApplicationSupportsIndirectInputEvents = YES;
				INFOPLIST_KEY_UILaunchScreen_Generation = YES;
				INFOPLIST_KEY_UISupportedInterfaceOrientations = UIInterfaceOrientationPortrait;
				IPHONEOS_DEPLOYMENT_TARGET = 17.0;
				LD_RUNPATH_SEARCH_PATHS = (
					"$(inherited)",
					"@executable_path/Frameworks",
				);
				PRODUCT_BUNDLE_IDENTIFIER = com.mhacks.rescue;
				PRODUCT_NAME = "$(TARGET_NAME)";
				SUPPORTED_PLATFORMS = "iphoneos iphonesimulator";
				SWIFT_ACTIVE_COMPILATION_CONDITIONS = DEBUG;
				SWIFT_EMIT_LOC_STRINGS = YES;
				SWIFT_OPTIMIZATION_LEVEL = "-Onone";
				SWIFT_VERSION = 5.0;
				TARGETED_DEVICE_FAMILY = 1;
			};
			name = Debug;
		};
		FD26131E7D1CDB5B7923BE20 /* Release */ = {
			isa = XCBuildConfiguration;
			buildSettings = {
				BUNDLE_LOADER = "$(TEST_HOST)";
				CODE_SIGN_STYLE = Automatic;
				ENABLE_TESTABILITY = NO;
				GENERATE_INFOPLIST_FILE = YES;
				IPHONEOS_DEPLOYMENT_TARGET = 17.0;
				LD_RUNPATH_SEARCH_PATHS = (
					"$(inherited)",
					"@executable_path/Frameworks",
				);
				PRODUCT_BUNDLE_IDENTIFIER = com.mhacks.rescue.unit;
				PRODUCT_NAME = "$(TARGET_NAME)";
				SUPPORTED_PLATFORMS = "iphoneos iphonesimulator";
				SWIFT_EMIT_LOC_STRINGS = YES;
				SWIFT_OPTIMIZATION_LEVEL = "-O";
				SWIFT_VERSION = 5.0;
				TARGETED_DEVICE_FAMILY = 1;
				TEST_HOST = "$(BUILT_PRODUCTS_DIR)/Rescue.app/$(BUNDLE_EXECUTABLE_FOLDER_PATH)/Rescue";
			};
			name = Release;
		};
/* End XCBuildConfiguration section */

/* Begin XCConfigurationList section */
		13676B048752DD2A1E46309A /* Build configuration list for PBXNativeTarget "RescueTests" */ = {
			isa = XCConfigurationList;
			buildConfigurations = (
				F5847CED4795EF2BD9670AC6 /* Debug */,
				FD26131E7D1CDB5B7923BE20 /* Release */,
			);
			defaultConfigurationIsVisible = 0;
			defaultConfigurationName = Release;
		};
		558BF84F24778F3A2BC03138 /* Build configuration list for PBXNativeTarget "RescueUITests" */ = {
			isa = XCConfigurationList;
			buildConfigurations = (
				D6530E1D2FE6D47E3DAC9DE3 /* Debug */,
				3C039EC1992435AFF8C2B1AC /* Release */,
			);
			defaultConfigurationIsVisible = 0;
			defaultConfigurationName = Release;
		};
		640DC9EFD529235A8D9E2727 /* Build configuration list for PBXProject "Rescue" */ = {
			isa = XCConfigurationList;
			buildConfigurations = (
				7FF1594F02A39252B36C2788 /* Debug */,
				8AF42D9F8E598D010F7434BA /* Release */,
			);
			defaultConfigurationIsVisible = 0;
			defaultConfigurationName = Release;
		};
		76332E4305D08681548684E4 /* Build configuration list for PBXNativeTarget "Rescue" */ = {
			isa = XCConfigurationList;
			buildConfigurations = (
				FCE43BE77BD869C904BAFA6B /* Debug */,
				76FAC1F724DD3E0B1827BAD0 /* Release */,
			);
			defaultConfigurationIsVisible = 0;
			defaultConfigurationName = Release;
		};
/* End XCConfigurationList section */
	};
	rootObject = 98F54143AB4E86B28C3AFEE0 /* Project object */;
}
